// !$*UTF8*$!
{
	archiveVersion = 1;
	classes = {
	};
	objectVersion = 56;
	objects = {

/* Begin PBXBuildFile section */
		198807B2A83D0851EF43A30C /* Pods_Commad.framework in Frameworks */ = {isa = PBXBuildFile; fileRef = 560E17CD439C7C99351DA426 /* Pods_Commad.framework */; };
		C12E84912A46B5F600E85D7C /* UIViewExtention.swift in Sources */ = {isa = PBXBuildFile; fileRef = C12E84902A46B5F600E85D7C /* UIViewExtention.swift */; };
		C12E84932A53D87000E85D7C /* MainInteractor.swift in Sources */ = {isa = PBXBuildFile; fileRef = C12E84922A53D87000E85D7C /* MainInteractor.swift */; };
		C12E84952A53D89600E85D7C /* MainPresenter.swift in Sources */ = {isa = PBXBuildFile; fileRef = C12E84942A53D89600E85D7C /* MainPresenter.swift */; };
		C12E84972A53D8A100E85D7C /* MainRouter.swift in Sources */ = {isa = PBXBuildFile; fileRef = C12E84962A53D8A100E85D7C /* MainRouter.swift */; };
		C12E84992A54058A00E85D7C /* MainModels.swift in Sources */ = {isa = PBXBuildFile; fileRef = C12E84982A54058A00E85D7C /* MainModels.swift */; };
		C12E849B2A54071A00E85D7C /* MainUserWorker.swift in Sources */ = {isa = PBXBuildFile; fileRef = C12E849A2A54071A00E85D7C /* MainUserWorker.swift */; };
		C12E849D2A54079800E85D7C /* User.swift in Sources */ = {isa = PBXBuildFile; fileRef = C12E849C2A54079800E85D7C /* User.swift */; };
		C12FCD172A668CDA00172D65 /* Launch Screen.storyboard in Resources */ = {isa = PBXBuildFile; fileRef = C12FCD162A668CDA00172D65 /* Launch Screen.storyboard */; };
		C12FCD192A668D0900172D65 /* Assets.xcassets in Resources */ = {isa = PBXBuildFile; fileRef = C12FCD182A668D0900172D65 /* Assets.xcassets */; };
		C12FCD1D2A6E7D0F00172D65 /* MainMemberListCollectionViewCell.swift in Sources */ = {isa = PBXBuildFile; fileRef = C12FCD1C2A6E7D0F00172D65 /* MainMemberListCollectionViewCell.swift */; };
		C12FCD1F2A6EA29500172D65 /* MainHeaderView.swift in Sources */ = {isa = PBXBuildFile; fileRef = C12FCD1E2A6EA29500172D65 /* MainHeaderView.swift */; };
		C14AC0752A541E60003CBBC9 /* APIService.swift in Sources */ = {isa = PBXBuildFile; fileRef = C14AC0742A541E60003CBBC9 /* APIService.swift */; };
		C14AC0782A56B6A7003CBBC9 /* MainMemberTableViewCell.swift in Sources */ = {isa = PBXBuildFile; fileRef = C14AC0772A56B6A7003CBBC9 /* MainMemberTableViewCell.swift */; };
		C14AC07C2A58049C003CBBC9 /* MemberDetailViewController.swift in Sources */ = {isa = PBXBuildFile; fileRef = C14AC07B2A58049C003CBBC9 /* MemberDetailViewController.swift */; };
		C14AC07E2A5A753C003CBBC9 /* MemberDetailInteractor.swift in Sources */ = {isa = PBXBuildFile; fileRef = C14AC07D2A5A753C003CBBC9 /* MemberDetailInteractor.swift */; };
		C14AC0802A5A7548003CBBC9 /* MemberDetailPresenter.swift in Sources */ = {isa = PBXBuildFile; fileRef = C14AC07F2A5A7548003CBBC9 /* MemberDetailPresenter.swift */; };
		C1F1B00B297696A400B4A233 /* AppDelegate.swift in Sources */ = {isa = PBXBuildFile; fileRef = C1F1B00A297696A400B4A233 /* AppDelegate.swift */; };
		C1F1B00D297696A400B4A233 /* SceneDelegate.swift in Sources */ = {isa = PBXBuildFile; fileRef = C1F1B00C297696A400B4A233 /* SceneDelegate.swift */; };
		C1F1B00F297696A400B4A233 /* MainViewController.swift in Sources */ = {isa = PBXBuildFile; fileRef = C1F1B00E297696A400B4A233 /* MainViewController.swift */; };
		C1F1B0292976A49000B4A233 /* GoogleService-Info.plist in Resources */ = {isa = PBXBuildFile; fileRef = C1F1B0282976A48E00B4A233 /* GoogleService-Info.plist */; };
/* End PBXBuildFile section */

/* Begin PBXFileReference section */
		560E17CD439C7C99351DA426 /* Pods_Commad.framework */ = {isa = PBXFileReference; explicitFileType = wrapper.framework; includeInIndex = 0; path = Pods_Commad.framework; sourceTree = BUILT_PRODUCTS_DIR; };
		90A5957167D88CE13E20C229 /* Pods-Commad.debug.xcconfig */ = {isa = PBXFileReference; includeInIndex = 1; lastKnownFileType = text.xcconfig; name = "Pods-Commad.debug.xcconfig"; path = "Target Support Files/Pods-Commad/Pods-Commad.debug.xcconfig"; sourceTree = "<group>"; };
		B44353D429D1DCC47BA3D948 /* Pods-Commad.release.xcconfig */ = {isa = PBXFileReference; includeInIndex = 1; lastKnownFileType = text.xcconfig; name = "Pods-Commad.release.xcconfig"; path = "Target Support Files/Pods-Commad/Pods-Commad.release.xcconfig"; sourceTree = "<group>"; };
		C12E84902A46B5F600E85D7C /* UIViewExtention.swift */ = {isa = PBXFileReference; lastKnownFileType = sourcecode.swift; path = UIViewExtention.swift; sourceTree = "<group>"; };
		C12E84922A53D87000E85D7C /* MainInteractor.swift */ = {isa = PBXFileReference; lastKnownFileType = sourcecode.swift; path = MainInteractor.swift; sourceTree = "<group>"; };
		C12E84942A53D89600E85D7C /* MainPresenter.swift */ = {isa = PBXFileReference; lastKnownFileType = sourcecode.swift; path = MainPresenter.swift; sourceTree = "<group>"; };
		C12E84962A53D8A100E85D7C /* MainRouter.swift */ = {isa = PBXFileReference; lastKnownFileType = sourcecode.swift; path = MainRouter.swift; sourceTree = "<group>"; };
		C12E84982A54058A00E85D7C /* MainModels.swift */ = {isa = PBXFileReference; lastKnownFileType = sourcecode.swift; path = MainModels.swift; sourceTree = "<group>"; };
		C12E849A2A54071A00E85D7C /* MainUserWorker.swift */ = {isa = PBXFileReference; lastKnownFileType = sourcecode.swift; path = MainUserWorker.swift; sourceTree = "<group>"; };
		C12E849C2A54079800E85D7C /* User.swift */ = {isa = PBXFileReference; lastKnownFileType = sourcecode.swift; path = User.swift; sourceTree = "<group>"; };
		C12FCD162A668CDA00172D65 /* Launch Screen.storyboard */ = {isa = PBXFileReference; lastKnownFileType = file.storyboard; path = "Launch Screen.storyboard"; sourceTree = "<group>"; };
		C12FCD182A668D0900172D65 /* Assets.xcassets */ = {isa = PBXFileReference; lastKnownFileType = folder.assetcatalog; path = Assets.xcassets; sourceTree = "<group>"; };
		C12FCD1C2A6E7D0F00172D65 /* MainMemberListCollectionViewCell.swift */ = {isa = PBXFileReference; lastKnownFileType = sourcecode.swift; path = MainMemberListCollectionViewCell.swift; sourceTree = "<group>"; };
		C12FCD1E2A6EA29500172D65 /* MainHeaderView.swift */ = {isa = PBXFileReference; lastKnownFileType = sourcecode.swift; path = MainHeaderView.swift; sourceTree = "<group>"; };
		C14AC0742A541E60003CBBC9 /* APIService.swift */ = {isa = PBXFileReference; lastKnownFileType = sourcecode.swift; path = APIService.swift; sourceTree = "<group>"; };
		C14AC0762A54F9E0003CBBC9 /* .swiftlint.yml */ = {isa = PBXFileReference; lastKnownFileType = text.yaml; path = .swiftlint.yml; sourceTree = "<group>"; };
		C14AC0772A56B6A7003CBBC9 /* MainMemberTableViewCell.swift */ = {isa = PBXFileReference; lastKnownFileType = sourcecode.swift; path = MainMemberTableViewCell.swift; sourceTree = "<group>"; };
		C14AC07B2A58049C003CBBC9 /* MemberDetailViewController.swift */ = {isa = PBXFileReference; lastKnownFileType = sourcecode.swift; path = MemberDetailViewController.swift; sourceTree = "<group>"; };
		C14AC07D2A5A753C003CBBC9 /* MemberDetailInteractor.swift */ = {isa = PBXFileReference; lastKnownFileType = sourcecode.swift; path = MemberDetailInteractor.swift; sourceTree = "<group>"; };
		C14AC07F2A5A7548003CBBC9 /* MemberDetailPresenter.swift */ = {isa = PBXFileReference; lastKnownFileType = sourcecode.swift; path = MemberDetailPresenter.swift; sourceTree = "<group>"; };
		C1F1B007297696A400B4A233 /* Commad.app */ = {isa = PBXFileReference; explicitFileType = wrapper.application; includeInIndex = 0; path = Commad.app; sourceTree = BUILT_PRODUCTS_DIR; };
		C1F1B00A297696A400B4A233 /* AppDelegate.swift */ = {isa = PBXFileReference; lastKnownFileType = sourcecode.swift; path = AppDelegate.swift; sourceTree = "<group>"; };
		C1F1B00C297696A400B4A233 /* SceneDelegate.swift */ = {isa = PBXFileReference; lastKnownFileType = sourcecode.swift; path = SceneDelegate.swift; sourceTree = "<group>"; };
		C1F1B00E297696A400B4A233 /* MainViewController.swift */ = {isa = PBXFileReference; lastKnownFileType = sourcecode.swift; path = MainViewController.swift; sourceTree = "<group>"; };
		C1F1B018297696A500B4A233 /* Info.plist */ = {isa = PBXFileReference; lastKnownFileType = text.plist.xml; path = Info.plist; sourceTree = "<group>"; };
		C1F1B0282976A48E00B4A233 /* GoogleService-Info.plist */ = {isa = PBXFileReference; fileEncoding = 4; lastKnownFileType = text.plist.xml; name = "GoogleService-Info.plist"; path = "../../../../../Downloads/GoogleService-Info.plist"; sourceTree = "<group>"; };
/* End PBXFileReference section */

/* Begin PBXFrameworksBuildPhase section */
		C1F1B004297696A400B4A233 /* Frameworks */ = {
			isa = PBXFrameworksBuildPhase;
			buildActionMask = 2147483647;
			files = (
				198807B2A83D0851EF43A30C /* Pods_Commad.framework in Frameworks */,
			);
			runOnlyForDeploymentPostprocessing = 0;
		};
/* End PBXFrameworksBuildPhase section */

/* Begin PBXGroup section */
		2A6CF194E7C10A454DA493A5 /* Pods */ = {
			isa = PBXGroup;
			children = (
				90A5957167D88CE13E20C229 /* Pods-Commad.debug.xcconfig */,
				B44353D429D1DCC47BA3D948 /* Pods-Commad.release.xcconfig */,
			);
			path = Pods;
			sourceTree = "<group>";
		};
		A72F2347D41973AC968AFE6A /* Frameworks */ = {
			isa = PBXGroup;
			children = (
				560E17CD439C7C99351DA426 /* Pods_Commad.framework */,
			);
			name = Frameworks;
			sourceTree = "<group>";
		};
		C12E848F2A46B4FD00E85D7C /* Utility */ = {
			isa = PBXGroup;
			children = (
				C12E84902A46B5F600E85D7C /* UIViewExtention.swift */,
			);
			path = Utility;
			sourceTree = "<group>";
		};
		C12E849E2A5408BB00E85D7C /* Model */ = {
			isa = PBXGroup;
			children = (
				C12E849C2A54079800E85D7C /* User.swift */,
			);
			path = Model;
			sourceTree = "<group>";
		};
		C14AC0732A541E4B003CBBC9 /* Service */ = {
			isa = PBXGroup;
			children = (
				C14AC0742A541E60003CBBC9 /* APIService.swift */,
			);
			path = Service;
			sourceTree = "<group>";
		};
		C14AC0792A56B6AC003CBBC9 /* View */ = {
			isa = PBXGroup;
			children = (
				C14AC0772A56B6A7003CBBC9 /* MainMemberTableViewCell.swift */,
				C12FCD1C2A6E7D0F00172D65 /* MainMemberListCollectionViewCell.swift */,
				C12FCD1E2A6EA29500172D65 /* MainHeaderView.swift */,
			);
			path = View;
			sourceTree = "<group>";
		};
		C14AC07A2A580320003CBBC9 /* MemberDetail */ = {
			isa = PBXGroup;
			children = (
				C14AC07B2A58049C003CBBC9 /* MemberDetailViewController.swift */,
				C14AC07D2A5A753C003CBBC9 /* MemberDetailInteractor.swift */,
				C14AC07F2A5A7548003CBBC9 /* MemberDetailPresenter.swift */,
			);
			path = MemberDetail;
			sourceTree = "<group>";
		};
		C1F1AFFE297696A400B4A233 = {
			isa = PBXGroup;
			children = (
				C14AC0762A54F9E0003CBBC9 /* .swiftlint.yml */,
				C1F1B009297696A400B4A233 /* Commad */,
				C1F1B008297696A400B4A233 /* Products */,
				2A6CF194E7C10A454DA493A5 /* Pods */,
				A72F2347D41973AC968AFE6A /* Frameworks */,
			);
			sourceTree = "<group>";
		};
		C1F1B008297696A400B4A233 /* Products */ = {
			isa = PBXGroup;
			children = (
				C1F1B007297696A400B4A233 /* Commad.app */,
			);
			name = Products;
			sourceTree = "<group>";
		};
		C1F1B009297696A400B4A233 /* Commad */ = {
			isa = PBXGroup;
			children = (
				C1F1B01E2976A3B600B4A233 /* Application */,
				C12E848F2A46B4FD00E85D7C /* Utility */,
				C14AC0732A541E4B003CBBC9 /* Service */,
				C12E849E2A5408BB00E85D7C /* Model */,
				C1F1B0202976A3C200B4A233 /* Scenes */,
				C1F1B0282976A48E00B4A233 /* GoogleService-Info.plist */,
				C1F1B018297696A500B4A233 /* Info.plist */,
				C12FCD162A668CDA00172D65 /* Launch Screen.storyboard */,
				C12FCD182A668D0900172D65 /* Assets.xcassets */,
			);
			path = Commad;
			sourceTree = "<group>";
		};
		C1F1B01E2976A3B600B4A233 /* Application */ = {
			isa = PBXGroup;
			children = (
				C1F1B00A297696A400B4A233 /* AppDelegate.swift */,
				C1F1B00C297696A400B4A233 /* SceneDelegate.swift */,
			);
			path = Application;
			sourceTree = "<group>";
		};
		C1F1B0202976A3C200B4A233 /* Scenes */ = {
			isa = PBXGroup;
			children = (
				C1F1B0242976A45500B4A233 /* Main */,
				C14AC07A2A580320003CBBC9 /* MemberDetail */,
			);
			path = Scenes;
			sourceTree = "<group>";
		};
		C1F1B0242976A45500B4A233 /* Main */ = {
			isa = PBXGroup;
			children = (
				C14AC0792A56B6AC003CBBC9 /* View */,
				C12E84982A54058A00E85D7C /* MainModels.swift */,
				C1F1B00E297696A400B4A233 /* MainViewController.swift */,
				C12E84922A53D87000E85D7C /* MainInteractor.swift */,
				C12E84942A53D89600E85D7C /* MainPresenter.swift */,
				C12E84962A53D8A100E85D7C /* MainRouter.swift */,
				C12E849A2A54071A00E85D7C /* MainUserWorker.swift */,
			);
			path = Main;
			sourceTree = "<group>";
		};
/* End PBXGroup section */

/* Begin PBXNativeTarget section */
		C1F1B006297696A400B4A233 /* Commad */ = {
			isa = PBXNativeTarget;
			buildConfigurationList = C1F1B01B297696A500B4A233 /* Build configuration list for PBXNativeTarget "Commad" */;
			buildPhases = (
				307317DB1639ED45D1CCC7F7 /* [CP] Check Pods Manifest.lock */,
				C173E21129DAF81F00977BA0 /* SwiftLint Script */,
				C1F1B003297696A400B4A233 /* Sources */,
				C1F1B004297696A400B4A233 /* Frameworks */,
				C1F1B005297696A400B4A233 /* Resources */,
				5D69C11B3DC5EE3062819613 /* [CP] Embed Pods Frameworks */,
			);
			buildRules = (
			);
			dependencies = (
			);
			name = Commad;
			packageProductDependencies = (
			);
			productName = Commad;
			productReference = C1F1B007297696A400B4A233 /* Commad.app */;
			productType = "com.apple.product-type.application";
		};
/* End PBXNativeTarget section */

/* Begin PBXProject section */
		C1F1AFFF297696A400B4A233 /* Project object */ = {
			isa = PBXProject;
			attributes = {
				BuildIndependentTargetsInParallel = 1;
				LastSwiftUpdateCheck = 1400;
				LastUpgradeCheck = 1400;
				TargetAttributes = {
					C1F1B006297696A400B4A233 = {
						CreatedOnToolsVersion = 14.0;
					};
				};
			};
			buildConfigurationList = C1F1B002297696A400B4A233 /* Build configuration list for PBXProject "Commad" */;
			compatibilityVersion = "Xcode 14.0";
			developmentRegion = en;
			hasScannedForEncodings = 0;
			knownRegions = (
				en,
				Base,
			);
			mainGroup = C1F1AFFE297696A400B4A233;
			packageReferences = (
			);
			productRefGroup = C1F1B008297696A400B4A233 /* Products */;
			projectDirPath = "";
			projectRoot = "";
			targets = (
				C1F1B006297696A400B4A233 /* Commad */,
			);
		};
/* End PBXProject section */

/* Begin PBXResourcesBuildPhase section */
		C1F1B005297696A400B4A233 /* Resources */ = {
			isa = PBXResourcesBuildPhase;
			buildActionMask = 2147483647;
			files = (
				C12FCD172A668CDA00172D65 /* Launch Screen.storyboard in Resources */,
				C12FCD192A668D0900172D65 /* Assets.xcassets in Resources */,
				C1F1B0292976A49000B4A233 /* GoogleService-Info.plist in Resources */,
			);
			runOnlyForDeploymentPostprocessing = 0;
		};
/* End PBXResourcesBuildPhase section */

/* Begin PBXShellScriptBuildPhase section */
		307317DB1639ED45D1CCC7F7 /* [CP] Check Pods Manifest.lock */ = {
			isa = PBXShellScriptBuildPhase;
			buildActionMask = 2147483647;
			files = (
			);
			inputFileListPaths = (
			);
			inputPaths = (
				"${PODS_PODFILE_DIR_PATH}/Podfile.lock",
				"${PODS_ROOT}/Manifest.lock",
			);
			name = "[CP] Check Pods Manifest.lock";
			outputFileListPaths = (
			);
			outputPaths = (
				"$(DERIVED_FILE_DIR)/Pods-Commad-checkManifestLockResult.txt",
			);
			runOnlyForDeploymentPostprocessing = 0;
			shellPath = /bin/sh;
			shellScript = "diff \"${PODS_PODFILE_DIR_PATH}/Podfile.lock\" \"${PODS_ROOT}/Manifest.lock\" > /dev/null\nif [ $? != 0 ] ; then\n    # print error to STDERR\n    echo \"error: The sandbox is not in sync with the Podfile.lock. Run 'pod install' or update your CocoaPods installation.\" >&2\n    exit 1\nfi\n# This output is used by Xcode 'outputs' to avoid re-running this script phase.\necho \"SUCCESS\" > \"${SCRIPT_OUTPUT_FILE_0}\"\n";
			showEnvVarsInLog = 0;
		};
		5D69C11B3DC5EE3062819613 /* [CP] Embed Pods Frameworks */ = {
			isa = PBXShellScriptBuildPhase;
			buildActionMask = 2147483647;
			files = (
			);
			inputFileListPaths = (
				"${PODS_ROOT}/Target Support Files/Pods-Commad/Pods-Commad-frameworks-${CONFIGURATION}-input-files.xcfilelist",
			);
			name = "[CP] Embed Pods Frameworks";
			outputFileListPaths = (
				"${PODS_ROOT}/Target Support Files/Pods-Commad/Pods-Commad-frameworks-${CONFIGURATION}-output-files.xcfilelist",
			);
			runOnlyForDeploymentPostprocessing = 0;
			shellPath = /bin/sh;
			shellScript = "\"${PODS_ROOT}/Target Support Files/Pods-Commad/Pods-Commad-frameworks.sh\"\n";
			showEnvVarsInLog = 0;
		};
		C173E21129DAF81F00977BA0 /* SwiftLint Script */ = {
			isa = PBXShellScriptBuildPhase;
			buildActionMask = 2147483647;
			files = (
			);
			inputFileListPaths = (
			);
			inputPaths = (
			);
			name = "SwiftLint Script";
			outputFileListPaths = (
			);
			outputPaths = (
			);
			runOnlyForDeploymentPostprocessing = 0;
			shellPath = /bin/sh;
			shellScript = "export PATH=\"$PATH:/opt/homebrew/bin\"\nif which swiftlint > /dev/null; then\n  swiftlint\nelse\n  echo \"warning: SwiftLint not installed, download from https://github.com/realm/SwiftLint\"\nfi\n";
		};
/* End PBXShellScriptBuildPhase section */

/* Begin PBXSourcesBuildPhase section */
		C1F1B003297696A400B4A233 /* Sources */ = {
			isa = PBXSourcesBuildPhase;
			buildActionMask = 2147483647;
			files = (
				C1F1B00F297696A400B4A233 /* MainViewController.swift in Sources */,
				C12E84952A53D89600E85D7C /* MainPresenter.swift in Sources */,
				C12E84932A53D87000E85D7C /* MainInteractor.swift in Sources */,
				C12E849D2A54079800E85D7C /* User.swift in Sources */,
				C12FCD1D2A6E7D0F00172D65 /* MainMemberListCollectionViewCell.swift in Sources */,
				C14AC0752A541E60003CBBC9 /* APIService.swift in Sources */,
				C12FCD1F2A6EA29500172D65 /* MainHeaderView.swift in Sources */,
				C1F1B00B297696A400B4A233 /* AppDelegate.swift in Sources */,
				C12E84992A54058A00E85D7C /* MainModels.swift in Sources */,
				C12E849B2A54071A00E85D7C /* MainUserWorker.swift in Sources */,
				C14AC0802A5A7548003CBBC9 /* MemberDetailPresenter.swift in Sources */,
				C12E84912A46B5F600E85D7C /* UIViewExtention.swift in Sources */,
				C14AC07E2A5A753C003CBBC9 /* MemberDetailInteractor.swift in Sources */,
				C12E84972A53D8A100E85D7C /* MainRouter.swift in Sources */,
				C1F1B00D297696A400B4A233 /* SceneDelegate.swift in Sources */,
				C14AC0782A56B6A7003CBBC9 /* MainMemberTableViewCell.swift in Sources */,
				C14AC07C2A58049C003CBBC9 /* MemberDetailViewController.swift in Sources */,
			);
			runOnlyForDeploymentPostprocessing = 0;
		};
/* End PBXSourcesBuildPhase section */

/* Begin XCBuildConfiguration section */
		C1F1B019297696A500B4A233 /* Debug */ = {
			isa = XCBuildConfiguration;
			buildSettings = {
				ALWAYS_SEARCH_USER_PATHS = NO;
				CLANG_ANALYZER_NONNULL = YES;
				CLANG_ANALYZER_NUMBER_OBJECT_CONVERSION = YES_AGGRESSIVE;
				CLANG_CXX_LANGUAGE_STANDARD = "gnu++20";
				CLANG_ENABLE_MODULES = YES;
				CLANG_ENABLE_OBJC_ARC = YES;
				CLANG_ENABLE_OBJC_WEAK = YES;
				CLANG_WARN_BLOCK_CAPTURE_AUTORELEASING = YES;
				CLANG_WARN_BOOL_CONVERSION = YES;
				CLANG_WARN_COMMA = YES;
				CLANG_WARN_CONSTANT_CONVERSION = YES;
				CLANG_WARN_DEPRECATED_OBJC_IMPLEMENTATIONS = YES;
				CLANG_WARN_DIRECT_OBJC_ISA_USAGE = YES_ERROR;
				CLANG_WARN_DOCUMENTATION_COMMENTS = YES;
				CLANG_WARN_EMPTY_BODY = YES;
				CLANG_WARN_ENUM_CONVERSION = YES;
				CLANG_WARN_INFINITE_RECURSION = YES;
				CLANG_WARN_INT_CONVERSION = YES;
				CLANG_WARN_NON_LITERAL_NULL_CONVERSION = YES;
				CLANG_WARN_OBJC_IMPLICIT_RETAIN_SELF = YES;
				CLANG_WARN_OBJC_LITERAL_CONVERSION = YES;
				CLANG_WARN_OBJC_ROOT_CLASS = YES_ERROR;
				CLANG_WARN_QUOTED_INCLUDE_IN_FRAMEWORK_HEADER = YES;
				CLANG_WARN_RANGE_LOOP_ANALYSIS = YES;
				CLANG_WARN_STRICT_PROTOTYPES = YES;
				CLANG_WARN_SUSPICIOUS_MOVE = YES;
				CLANG_WARN_UNGUARDED_AVAILABILITY = YES_AGGRESSIVE;
				CLANG_WARN_UNREACHABLE_CODE = YES;
				CLANG_WARN__DUPLICATE_METHOD_MATCH = YES;
				COPY_PHASE_STRIP = NO;
				DEBUG_INFORMATION_FORMAT = dwarf;
				ENABLE_STRICT_OBJC_MSGSEND = YES;
				ENABLE_TESTABILITY = YES;
				GCC_C_LANGUAGE_STANDARD = gnu11;
				GCC_DYNAMIC_NO_PIC = NO;
				GCC_NO_COMMON_BLOCKS = YES;
				GCC_OPTIMIZATION_LEVEL = 0;
				GCC_PREPROCESSOR_DEFINITIONS = (
					"DEBUG=1",
					"$(inherited)",
				);
				GCC_WARN_64_TO_32_BIT_CONVERSION = YES;
				GCC_WARN_ABOUT_RETURN_TYPE = YES_ERROR;
				GCC_WARN_UNDECLARED_SELECTOR = YES;
				GCC_WARN_UNINITIALIZED_AUTOS = YES_AGGRESSIVE;
				GCC_WARN_UNUSED_FUNCTION = YES;
				GCC_WARN_UNUSED_VARIABLE = YES;
				IPHONEOS_DEPLOYMENT_TARGET = 16.0;
				MTL_ENABLE_DEBUG_INFO = INCLUDE_SOURCE;
				MTL_FAST_MATH = YES;
				ONLY_ACTIVE_ARCH = YES;
				SDKROOT = iphoneos;
				SWIFT_ACTIVE_COMPILATION_CONDITIONS = DEBUG;
				SWIFT_OPTIMIZATION_LEVEL = "-Onone";
			};
			name = Debug;
		};
		C1F1B01A297696A500B4A233 /* Release */ = {
			isa = XCBuildConfiguration;
			buildSettings = {
				ALWAYS_SEARCH_USER_PATHS = NO;
				CLANG_ANALYZER_NONNULL = YES;
				CLANG_ANALYZER_NUMBER_OBJECT_CONVERSION = YES_AGGRESSIVE;
				CLANG_CXX_LANGUAGE_STANDARD = "gnu++20";
				CLANG_ENABLE_MODULES = YES;
				CLANG_ENABLE_OBJC_ARC = YES;
				CLANG_ENABLE_OBJC_WEAK = YES;
				CLANG_WARN_BLOCK_CAPTURE_AUTORELEASING = YES;
				CLANG_WARN_BOOL_CONVERSION = YES;
				CLANG_WARN_COMMA = YES;
				CLANG_WARN_CONSTANT_CONVERSION = YES;
				CLANG_WARN_DEPRECATED_OBJC_IMPLEMENTATIONS = YES;
				CLANG_WARN_DIRECT_OBJC_ISA_USAGE = YES_ERROR;
				CLANG_WARN_DOCUMENTATION_COMMENTS = YES;
				CLANG_WARN_EMPTY_BODY = YES;
				CLANG_WARN_ENUM_CONVERSION = YES;
				CLANG_WARN_INFINITE_RECURSION = YES;
				CLANG_WARN_INT_CONVERSION = YES;
				CLANG_WARN_NON_LITERAL_NULL_CONVERSION = YES;
				CLANG_WARN_OBJC_IMPLICIT_RETAIN_SELF = YES;
				CLANG_WARN_OBJC_LITERAL_CONVERSION = YES;
				CLANG_WARN_OBJC_ROOT_CLASS = YES_ERROR;
				CLANG_WARN_QUOTED_INCLUDE_IN_FRAMEWORK_HEADER = YES;
				CLANG_WARN_RANGE_LOOP_ANALYSIS = YES;
				CLANG_WARN_STRICT_PROTOTYPES = YES;
				CLANG_WARN_SUSPICIOUS_MOVE = YES;
				CLANG_WARN_UNGUARDED_AVAILABILITY = YES_AGGRESSIVE;
				CLANG_WARN_UNREACHABLE_CODE = YES;
				CLANG_WARN__DUPLICATE_METHOD_MATCH = YES;
				COPY_PHASE_STRIP = NO;
				DEBUG_INFORMATION_FORMAT = "dwarf-with-dsym";
				ENABLE_NS_ASSERTIONS = NO;
				ENABLE_STRICT_OBJC_MSGSEND = YES;
				GCC_C_LANGUAGE_STANDARD = gnu11;
				GCC_NO_COMMON_BLOCKS = YES;
				GCC_WARN_64_TO_32_BIT_CONVERSION = YES;
				GCC_WARN_ABOUT_RETURN_TYPE = YES_ERROR;
				GCC_WARN_UNDECLARED_SELECTOR = YES;
				GCC_WARN_UNINITIALIZED_AUTOS = YES_AGGRESSIVE;
				GCC_WARN_UNUSED_FUNCTION = YES;
				GCC_WARN_UNUSED_VARIABLE = YES;
				IPHONEOS_DEPLOYMENT_TARGET = 16.0;
				MTL_ENABLE_DEBUG_INFO = NO;
				MTL_FAST_MATH = YES;
				SDKROOT = iphoneos;
				SWIFT_COMPILATION_MODE = wholemodule;
				SWIFT_OPTIMIZATION_LEVEL = "-O";
				VALIDATE_PRODUCT = YES;
			};
			name = Release;
		};
		C1F1B01C297696A500B4A233 /* Debug */ = {
			isa = XCBuildConfiguration;
			baseConfigurationReference = 90A5957167D88CE13E20C229 /* Pods-Commad.debug.xcconfig */;
			buildSettings = {
				ASSETCATALOG_COMPILER_APPICON_NAME = AppIcon;
				ASSETCATALOG_COMPILER_GLOBAL_ACCENT_COLOR_NAME = AccentColor;
				CODE_SIGN_STYLE = Automatic;
				CURRENT_PROJECT_VERSION = 1;
				DEVELOPMENT_TEAM = KL2HAQ9H72;
				GENERATE_INFOPLIST_FILE = YES;
				INFOPLIST_FILE = Commad/Info.plist;
				INFOPLIST_KEY_UIApplicationSupportsIndirectInputEvents = YES;
				INFOPLIST_KEY_UILaunchStoryboardName = LaunchScreen;
				INFOPLIST_KEY_UISupportedInterfaceOrientations_iPad = "UIInterfaceOrientationPortrait UIInterfaceOrientationPortraitUpsideDown UIInterfaceOrientationLandscapeLeft UIInterfaceOrientationLandscapeRight";
				INFOPLIST_KEY_UISupportedInterfaceOrientations_iPhone = "UIInterfaceOrientationPortrait UIInterfaceOrientationLandscapeLeft UIInterfaceOrientationLandscapeRight";
				IPHONEOS_DEPLOYMENT_TARGET = 14.0;
				LD_RUNPATH_SEARCH_PATHS = (
					"$(inherited)",
					"@executable_path/Frameworks",
				);
				MARKETING_VERSION = 1.0;
				PRODUCT_BUNDLE_IDENTIFIER = com.mngon.Commad;
				PRODUCT_NAME = "$(TARGET_NAME)";
				SUPPORTED_PLATFORMS = "iphoneos iphonesimulator";
				SUPPORTS_MACCATALYST = NO;
				SUPPORTS_MAC_DESIGNED_FOR_IPHONE_IPAD = NO;
				SWIFT_EMIT_LOC_STRINGS = YES;
				SWIFT_VERSION = 5.0;
				TARGETED_DEVICE_FAMILY = "1,2";
			};
			name = Debug;
		};
		C1F1B01D297696A500B4A233 /* Release */ = {
			isa = XCBuildConfiguration;
			baseConfigurationReference = B44353D429D1DCC47BA3D948 /* Pods-Commad.release.xcconfig */;
			buildSettings = {
				ASSETCATALOG_COMPILER_APPICON_NAME = AppIcon;
				ASSETCATALOG_COMPILER_GLOBAL_ACCENT_COLOR_NAME = AccentColor;
				CODE_SIGN_STYLE = Automatic;
				CURRENT_PROJECT_VERSION = 1;
				DEVELOPMENT_TEAM = KL2HAQ9H72;
				GENERATE_INFOPLIST_FILE = YES;
				INFOPLIST_FILE = Commad/Info.plist;
				INFOPLIST_KEY_UIApplicationSupportsIndirectInputEvents = YES;
				INFOPLIST_KEY_UILaunchStoryboardName = LaunchScreen;
				INFOPLIST_KEY_UISupportedInterfaceOrientations_iPad = "UIInterfaceOrientationPortrait UIInterfaceOrientationPortraitUpsideDown UIInterfaceOrientationLandscapeLeft UIInterfaceOrientationLandscapeRight";
				INFOPLIST_KEY_UISupportedInterfaceOrientations_iPhone = "UIInterfaceOrientationPortrait UIInterfaceOrientationLandscapeLeft UIInterfaceOrientationLandscapeRight";
				IPHONEOS_DEPLOYMENT_TARGET = 14.0;
				LD_RUNPATH_SEARCH_PATHS = (
					"$(inherited)",
					"@executable_path/Frameworks",
				);
				MARKETING_VERSION = 1.0;
				PRODUCT_BUNDLE_IDENTIFIER = com.mngon.Commad;
				PRODUCT_NAME = "$(TARGET_NAME)";
				SUPPORTED_PLATFORMS = "iphoneos iphonesimulator";
				SUPPORTS_MACCATALYST = NO;
				SUPPORTS_MAC_DESIGNED_FOR_IPHONE_IPAD = NO;
				SWIFT_EMIT_LOC_STRINGS = YES;
				SWIFT_VERSION = 5.0;
				TARGETED_DEVICE_FAMILY = "1,2";
			};
			name = Release;
		};
/* End XCBuildConfiguration section */

/* Begin XCConfigurationList section */
		C1F1B002297696A400B4A233 /* Build configuration list for PBXProject "Commad" */ = {
			isa = XCConfigurationList;
			buildConfigurations = (
				C1F1B019297696A500B4A233 /* Debug */,
				C1F1B01A297696A500B4A233 /* Release */,
			);
			defaultConfigurationIsVisible = 0;
			defaultConfigurationName = Release;
		};
		C1F1B01B297696A500B4A233 /* Build configuration list for PBXNativeTarget "Commad" */ = {
			isa = XCConfigurationList;
			buildConfigurations = (
				C1F1B01C297696A500B4A233 /* Debug */,
				C1F1B01D297696A500B4A233 /* Release */,
			);
			defaultConfigurationIsVisible = 0;
			defaultConfigurationName = Release;
		};
/* End XCConfigurationList section */
	};
	rootObject = C1F1AFFF297696A400B4A233 /* Project object */;
}
