// !$*UTF8*$!
{
	archiveVersion = 1;
	classes = {
	};
<<<<<<< HEAD
	objectVersion = 56;
	objects = {

/* Begin PBXBuildFile section */
		03F50A815E02FCE8BF981991 /* MainPresenter.swift in Sources */ = {isa = PBXBuildFile; fileRef = AA9671FB6E3620846292276F /* MainPresenter.swift */; };
		0A3EFCC8D3590C11798E52EB /* MemberListInteractor.swift in Sources */ = {isa = PBXBuildFile; fileRef = 9FA62598C81F21CDA1EC41C4 /* MemberListInteractor.swift */; };
		0C928E627DCFCEFA6E782192 /* MainHeaderView.swift in Sources */ = {isa = PBXBuildFile; fileRef = 3998BCFB6A65257221742EFF /* MainHeaderView.swift */; };
		1A0B3364619753B05B37359E /* MemberProfileCell.swift in Sources */ = {isa = PBXBuildFile; fileRef = 8EA3B6A2F9019AA094CFFBF4 /* MemberProfileCell.swift */; };
		1CE927603D44857B4824A143 /* MainModels.swift in Sources */ = {isa = PBXBuildFile; fileRef = FCF92C152A42601148C1F0A3 /* MainModels.swift */; };
		1FF45073C5C8E8886A1F827C /* Member.swift in Sources */ = {isa = PBXBuildFile; fileRef = 1D39C6A470791C9E227169D9 /* Member.swift */; };
		3BE05F8DB4A2464F325C3EAF /* MemberListPresenter.swift in Sources */ = {isa = PBXBuildFile; fileRef = 1197AB765DC3C6D11673E178 /* MemberListPresenter.swift */; };
		40DFB6FBBD3340B84FD1A705 /* MemberCell.swift in Sources */ = {isa = PBXBuildFile; fileRef = 9F84D1945BD7A84BA193F870 /* MemberCell.swift */; };
		42A3C5DB1247FD9281DB67CA /* MainViewController.swift in Sources */ = {isa = PBXBuildFile; fileRef = A02CF93435A36A6D7309E8B5 /* MainViewController.swift */; };
		47D3A44BE7928BF3A2435CC4 /* APIService.swift in Sources */ = {isa = PBXBuildFile; fileRef = D858DFC012C44B14A3384E74 /* APIService.swift */; };
		549A7438ED0F320A8EC76CF1 /* MainWorker.swift in Sources */ = {isa = PBXBuildFile; fileRef = C2AA6BC570099389D76D381D /* MainWorker.swift */; };
		570D1EE98C217F4BB74DDB73 /* MainRouter.swift in Sources */ = {isa = PBXBuildFile; fileRef = 877BD2A836F5A38198753243 /* MainRouter.swift */; };
		5EC2AA5FF71B6825B411690F /* NetworkService.swift in Sources */ = {isa = PBXBuildFile; fileRef = E1EEC765ABD410B3EAC8EA3B /* NetworkService.swift */; };
		68A77C36790A566F1FE0C712 /* MemberDetailController.swift in Sources */ = {isa = PBXBuildFile; fileRef = C7744914A5CCEFC007DEE8D3 /* MemberDetailController.swift */; };
		786F39690FF1ABC758FA9BA6 /* MemberListWorker.swift in Sources */ = {isa = PBXBuildFile; fileRef = D00C5BEBF2E7AAF0717555D3 /* MemberListWorker.swift */; };
		7C5E28BE4ACDFFA30A70B9C7 /* AppDelegate.swift in Sources */ = {isa = PBXBuildFile; fileRef = CF93625CCBB0AD16FCD2B043 /* AppDelegate.swift */; };
		7EE314AFFE301EFF45A12B83 /* SceneDelegate.swift in Sources */ = {isa = PBXBuildFile; fileRef = EB4B7ECE7273CF9EC87B1E7E /* SceneDelegate.swift */; };
		85B0C9A49BD6E2ECF05491BB /* MemberListRouter.swift in Sources */ = {isa = PBXBuildFile; fileRef = 3D8C3AAECB2AB62E84238FBB /* MemberListRouter.swift */; };
		8866A35839FE8CA9BDF5C57E /* TuistBundle+Commad.swift in Sources */ = {isa = PBXBuildFile; fileRef = 2F298E4C253BD1042AEF42C2 /* TuistBundle+Commad.swift */; };
		8F7BCDBF00D7AE9E93B33193 /* TuistPlists+Commad.swift in Sources */ = {isa = PBXBuildFile; fileRef = BB23892D156D3301DAB8E535 /* TuistPlists+Commad.swift */; };
		929C738858BFC2AA54717B4D /* MainInteractor.swift in Sources */ = {isa = PBXBuildFile; fileRef = 5741D278EB4A862A5B54F15D /* MainInteractor.swift */; };
		9F80C4F653ED5DE3EF0B6F0B /* HomeHeaderView.swift in Sources */ = {isa = PBXBuildFile; fileRef = C8A2D23CF452A88E963F012F /* HomeHeaderView.swift */; };
		C1542BAB2B26DE6800BD3562 /* Animator.swift in Sources */ = {isa = PBXBuildFile; fileRef = C1542BAA2B26DE6800BD3562 /* Animator.swift */; };
		C156762D2B183A1500F3196F /* RequestBuilder.swift in Sources */ = {isa = PBXBuildFile; fileRef = C156762C2B183A1500F3196F /* RequestBuilder.swift */; };
		C156762F2B183AC000F3196F /* EndPoint.swift in Sources */ = {isa = PBXBuildFile; fileRef = C156762E2B183AC000F3196F /* EndPoint.swift */; };
		C15676312B18566000F3196F /* PinterestLayout.swift in Sources */ = {isa = PBXBuildFile; fileRef = C15676302B18566000F3196F /* PinterestLayout.swift */; };
		CED7642F9D6956117B6F03E3 /* MemberListModels.swift in Sources */ = {isa = PBXBuildFile; fileRef = 6A9807C366642077429A8C92 /* MemberListModels.swift */; };
		EAF00E0BC93BBD0734B96DDC /* UIViewExtention.swift in Sources */ = {isa = PBXBuildFile; fileRef = 6A675C40BED3451633281B36 /* UIViewExtention.swift */; };
		EF6A03145E677616858123E2 /* SnapKit.framework in Frameworks */ = {isa = PBXBuildFile; fileRef = A46963314DC06931879F33D8 /* SnapKit.framework */; };
		F5A1CB1321B4D29D584635E2 /* MemberListController.swift in Sources */ = {isa = PBXBuildFile; fileRef = CE1B82C690D548C25BB4503C /* MemberListController.swift */; };
		F5C3FE5E3FC5E0A22DC8955D /* MainMemberListCollectionViewCell.swift in Sources */ = {isa = PBXBuildFile; fileRef = 7CE55C3E2746DF990588F362 /* MainMemberListCollectionViewCell.swift */; };
/* End PBXBuildFile section */

/* Begin PBXCopyFilesBuildPhase section */
		F13B7A6305DB4DB6F4F58F15 /* Embed Frameworks */ = {
=======
	objectVersion = 55;
	objects = {

/* Begin PBXBuildFile section */
		20A930ACB82D4EF08E3A27E8 /* AppTests.swift in Sources */ = {isa = PBXBuildFile; fileRef = B2FBB684C029630F093FA5A7 /* AppTests.swift */; };
		31663E07E235236768A982CA /* CommadUI.framework in Embed Frameworks */ = {isa = PBXBuildFile; fileRef = F875CCC420DE32D3B7DD1CEB /* CommadUI.framework */; settings = {ATTRIBUTES = (CodeSignOnCopy, RemoveHeadersOnCopy, ); }; };
		53EC35A2678768AD7189D7EC /* CommadKit.framework in Embed Frameworks */ = {isa = PBXBuildFile; fileRef = 56CD25CDFB925FDEE36E1161 /* CommadKit.framework */; settings = {ATTRIBUTES = (CodeSignOnCopy, RemoveHeadersOnCopy, ); }; };
		8866A35839FE8CA9BDF5C57E /* TuistBundle+Commad.swift in Sources */ = {isa = PBXBuildFile; fileRef = 2F298E4C253BD1042AEF42C2 /* TuistBundle+Commad.swift */; };
		8CEB839C1164F90CE353E632 /* CommadKitTests.swift in Sources */ = {isa = PBXBuildFile; fileRef = 428C67AC947DCA1D10DF3144 /* CommadKitTests.swift */; };
		936D24F77E81AD94C9A8C36D /* CommadUITests.swift in Sources */ = {isa = PBXBuildFile; fileRef = 0715DE94FB9058D2398777D2 /* CommadUITests.swift */; };
		A8335D8F90D743D958B587F3 /* LaunchScreen.storyboard in Resources */ = {isa = PBXBuildFile; fileRef = A31466EAFBAFF53B22F89D4A /* LaunchScreen.storyboard */; };
		C25FA2C9F872616A5499D912 /* CommadKit.framework in Frameworks */ = {isa = PBXBuildFile; fileRef = 56CD25CDFB925FDEE36E1161 /* CommadKit.framework */; };
		DCF0F6643233E665473F4B50 /* CommadUI.framework in Frameworks */ = {isa = PBXBuildFile; fileRef = F875CCC420DE32D3B7DD1CEB /* CommadUI.framework */; };
		DFE4FC637EC609EA74D4FE51 /* CommadKit.swift in Sources */ = {isa = PBXBuildFile; fileRef = C4AB78BD070B055D5EBC0468 /* CommadKit.swift */; };
		E138E0315E103485A06B07F5 /* AppDelegate.swift in Sources */ = {isa = PBXBuildFile; fileRef = BD1805410ACF750FF0D36CEE /* AppDelegate.swift */; };
		F09C2192BB9CB74CBA979CEE /* CommadUI.swift in Sources */ = {isa = PBXBuildFile; fileRef = 2D8E0F7B93E03E9DB9FFE279 /* CommadUI.swift */; };
		F8766118F7B00FAAC024EEC2 /* CommadKit.framework in Frameworks */ = {isa = PBXBuildFile; fileRef = 56CD25CDFB925FDEE36E1161 /* CommadKit.framework */; };
		F8D67B162689A466D45477DF /* CommadUI.framework in Frameworks */ = {isa = PBXBuildFile; fileRef = F875CCC420DE32D3B7DD1CEB /* CommadUI.framework */; };
/* End PBXBuildFile section */

/* Begin PBXContainerItemProxy section */
		1DFC88A4BC4C9395E44958C2 /* PBXContainerItemProxy */ = {
			isa = PBXContainerItemProxy;
			containerPortal = 5D21068495243B44C015FF18 /* Project object */;
			proxyType = 1;
			remoteGlobalIDString = 9A28848B43C588918C219EE5;
			remoteInfo = CommadUI;
		};
		5CAC3D678CE7CE5047C60B91 /* PBXContainerItemProxy */ = {
			isa = PBXContainerItemProxy;
			containerPortal = 5D21068495243B44C015FF18 /* Project object */;
			proxyType = 1;
			remoteGlobalIDString = CFCED137B694CDE14B1338C3;
			remoteInfo = CommadKit;
		};
		DD3173F56128D448510FB094 /* PBXContainerItemProxy */ = {
			isa = PBXContainerItemProxy;
			containerPortal = 5D21068495243B44C015FF18 /* Project object */;
			proxyType = 1;
			remoteGlobalIDString = 9A28848B43C588918C219EE5;
			remoteInfo = CommadUI;
		};
		DF885D1FD3A440E1C989DF8B /* PBXContainerItemProxy */ = {
			isa = PBXContainerItemProxy;
			containerPortal = 5D21068495243B44C015FF18 /* Project object */;
			proxyType = 1;
			remoteGlobalIDString = 96A56DB1E4DD54C3503F1B6B;
			remoteInfo = Commad;
		};
		E73CED782086EACB0CE2871A /* PBXContainerItemProxy */ = {
			isa = PBXContainerItemProxy;
			containerPortal = 5D21068495243B44C015FF18 /* Project object */;
			proxyType = 1;
			remoteGlobalIDString = CFCED137B694CDE14B1338C3;
			remoteInfo = CommadKit;
		};
/* End PBXContainerItemProxy section */

/* Begin PBXCopyFilesBuildPhase section */
		1105D753237756B1A03412BE /* Embed Frameworks */ = {
>>>>>>> origin
			isa = PBXCopyFilesBuildPhase;
			buildActionMask = 2147483647;
			dstPath = "";
			dstSubfolderSpec = 10;
			files = (
			);
			name = "Embed Frameworks";
			runOnlyForDeploymentPostprocessing = 0;
		};
<<<<<<< HEAD
/* End PBXCopyFilesBuildPhase section */

/* Begin PBXFileReference section */
		1197AB765DC3C6D11673E178 /* MemberListPresenter.swift */ = {isa = PBXFileReference; lastKnownFileType = sourcecode.swift; path = MemberListPresenter.swift; sourceTree = "<group>"; };
		1D39C6A470791C9E227169D9 /* Member.swift */ = {isa = PBXFileReference; lastKnownFileType = sourcecode.swift; path = Member.swift; sourceTree = "<group>"; };
		28406FCC21DDFB1276095E31 /* Commad-Info.plist */ = {isa = PBXFileReference; lastKnownFileType = text.plist; path = "Commad-Info.plist"; sourceTree = "<group>"; };
		2E2583FC05D89052A825D7B7 /* Commad.app */ = {isa = PBXFileReference; explicitFileType = wrapper.application; includeInIndex = 0; path = Commad.app; sourceTree = BUILT_PRODUCTS_DIR; };
		2F298E4C253BD1042AEF42C2 /* TuistBundle+Commad.swift */ = {isa = PBXFileReference; lastKnownFileType = sourcecode.swift; path = "TuistBundle+Commad.swift"; sourceTree = "<group>"; };
		3998BCFB6A65257221742EFF /* MainHeaderView.swift */ = {isa = PBXFileReference; lastKnownFileType = sourcecode.swift; path = MainHeaderView.swift; sourceTree = "<group>"; };
		3D8C3AAECB2AB62E84238FBB /* MemberListRouter.swift */ = {isa = PBXFileReference; lastKnownFileType = sourcecode.swift; path = MemberListRouter.swift; sourceTree = "<group>"; };
		404195779201EDA6EE833E60 /* Commad-release.xcconfig */ = {isa = PBXFileReference; lastKnownFileType = text.xcconfig; path = "Commad-release.xcconfig"; sourceTree = "<group>"; };
		5741D278EB4A862A5B54F15D /* MainInteractor.swift */ = {isa = PBXFileReference; lastKnownFileType = sourcecode.swift; path = MainInteractor.swift; sourceTree = "<group>"; };
		5D049BED511CEE268F267582 /* Info.plist */ = {isa = PBXFileReference; lastKnownFileType = text.plist; path = Info.plist; sourceTree = "<group>"; };
		6A675C40BED3451633281B36 /* UIViewExtention.swift */ = {isa = PBXFileReference; lastKnownFileType = sourcecode.swift; path = UIViewExtention.swift; sourceTree = "<group>"; };
		6A9807C366642077429A8C92 /* MemberListModels.swift */ = {isa = PBXFileReference; lastKnownFileType = sourcecode.swift; path = MemberListModels.swift; sourceTree = "<group>"; };
		7CE55C3E2746DF990588F362 /* MainMemberListCollectionViewCell.swift */ = {isa = PBXFileReference; lastKnownFileType = sourcecode.swift; path = MainMemberListCollectionViewCell.swift; sourceTree = "<group>"; };
		877BD2A836F5A38198753243 /* MainRouter.swift */ = {isa = PBXFileReference; lastKnownFileType = sourcecode.swift; path = MainRouter.swift; sourceTree = "<group>"; };
		8EA3B6A2F9019AA094CFFBF4 /* MemberProfileCell.swift */ = {isa = PBXFileReference; lastKnownFileType = sourcecode.swift; path = MemberProfileCell.swift; sourceTree = "<group>"; };
		9F84D1945BD7A84BA193F870 /* MemberCell.swift */ = {isa = PBXFileReference; lastKnownFileType = sourcecode.swift; path = MemberCell.swift; sourceTree = "<group>"; };
		9FA62598C81F21CDA1EC41C4 /* MemberListInteractor.swift */ = {isa = PBXFileReference; lastKnownFileType = sourcecode.swift; path = MemberListInteractor.swift; sourceTree = "<group>"; };
		A02CF93435A36A6D7309E8B5 /* MainViewController.swift */ = {isa = PBXFileReference; lastKnownFileType = sourcecode.swift; path = MainViewController.swift; sourceTree = "<group>"; };
		A46963314DC06931879F33D8 /* SnapKit.framework */ = {isa = PBXFileReference; explicitFileType = wrapper.framework; includeInIndex = 0; path = SnapKit.framework; sourceTree = BUILT_PRODUCTS_DIR; };
		AA9671FB6E3620846292276F /* MainPresenter.swift */ = {isa = PBXFileReference; lastKnownFileType = sourcecode.swift; path = MainPresenter.swift; sourceTree = "<group>"; };
		BB23892D156D3301DAB8E535 /* TuistPlists+Commad.swift */ = {isa = PBXFileReference; lastKnownFileType = sourcecode.swift; path = "TuistPlists+Commad.swift"; sourceTree = "<group>"; };
		C1542BAA2B26DE6800BD3562 /* Animator.swift */ = {isa = PBXFileReference; lastKnownFileType = sourcecode.swift; path = Animator.swift; sourceTree = "<group>"; };
		C1542BB22B29B50E00BD3562 /* Assets.xcassets */ = {isa = PBXFileReference; lastKnownFileType = folder.assetcatalog; path = Assets.xcassets; sourceTree = "<group>"; };
		C156762C2B183A1500F3196F /* RequestBuilder.swift */ = {isa = PBXFileReference; lastKnownFileType = sourcecode.swift; path = RequestBuilder.swift; sourceTree = "<group>"; };
		C156762E2B183AC000F3196F /* EndPoint.swift */ = {isa = PBXFileReference; lastKnownFileType = sourcecode.swift; path = EndPoint.swift; sourceTree = "<group>"; };
		C15676302B18566000F3196F /* PinterestLayout.swift */ = {isa = PBXFileReference; lastKnownFileType = sourcecode.swift; path = PinterestLayout.swift; sourceTree = "<group>"; };
		C2AA6BC570099389D76D381D /* MainWorker.swift */ = {isa = PBXFileReference; lastKnownFileType = sourcecode.swift; path = MainWorker.swift; sourceTree = "<group>"; };
		C7744914A5CCEFC007DEE8D3 /* MemberDetailController.swift */ = {isa = PBXFileReference; lastKnownFileType = sourcecode.swift; path = MemberDetailController.swift; sourceTree = "<group>"; };
		C8A2D23CF452A88E963F012F /* HomeHeaderView.swift */ = {isa = PBXFileReference; lastKnownFileType = sourcecode.swift; path = HomeHeaderView.swift; sourceTree = "<group>"; };
		CE1B82C690D548C25BB4503C /* MemberListController.swift */ = {isa = PBXFileReference; lastKnownFileType = sourcecode.swift; path = MemberListController.swift; sourceTree = "<group>"; };
		CF93625CCBB0AD16FCD2B043 /* AppDelegate.swift */ = {isa = PBXFileReference; lastKnownFileType = sourcecode.swift; path = AppDelegate.swift; sourceTree = "<group>"; };
		D00C5BEBF2E7AAF0717555D3 /* MemberListWorker.swift */ = {isa = PBXFileReference; lastKnownFileType = sourcecode.swift; path = MemberListWorker.swift; sourceTree = "<group>"; };
		D858DFC012C44B14A3384E74 /* APIService.swift */ = {isa = PBXFileReference; lastKnownFileType = sourcecode.swift; path = APIService.swift; sourceTree = "<group>"; };
		E1EEC765ABD410B3EAC8EA3B /* NetworkService.swift */ = {isa = PBXFileReference; lastKnownFileType = sourcecode.swift; path = NetworkService.swift; sourceTree = "<group>"; };
		EB4B7ECE7273CF9EC87B1E7E /* SceneDelegate.swift */ = {isa = PBXFileReference; lastKnownFileType = sourcecode.swift; path = SceneDelegate.swift; sourceTree = "<group>"; };
		EC1D22A383C8514A07BDCE37 /* Commad-debug.xcconfig */ = {isa = PBXFileReference; lastKnownFileType = text.xcconfig; path = "Commad-debug.xcconfig"; sourceTree = "<group>"; };
		FCF92C152A42601148C1F0A3 /* MainModels.swift */ = {isa = PBXFileReference; lastKnownFileType = sourcecode.swift; path = MainModels.swift; sourceTree = "<group>"; };
/* End PBXFileReference section */

/* Begin PBXFrameworksBuildPhase section */
=======
		3EC39AD2A71CF42430749527 /* Embed Frameworks */ = {
			isa = PBXCopyFilesBuildPhase;
			buildActionMask = 2147483647;
			dstPath = "";
			dstSubfolderSpec = 10;
			files = (
			);
			name = "Embed Frameworks";
			runOnlyForDeploymentPostprocessing = 0;
		};
		8AEFDF2FA83D302C8F9F27DC /* Embed Frameworks */ = {
			isa = PBXCopyFilesBuildPhase;
			buildActionMask = 2147483647;
			dstPath = "";
			dstSubfolderSpec = 10;
			files = (
			);
			name = "Embed Frameworks";
			runOnlyForDeploymentPostprocessing = 0;
		};
		D578DE9D12C96550A2C61671 /* Embed Frameworks */ = {
			isa = PBXCopyFilesBuildPhase;
			buildActionMask = 2147483647;
			dstPath = "";
			dstSubfolderSpec = 10;
			files = (
			);
			name = "Embed Frameworks";
			runOnlyForDeploymentPostprocessing = 0;
		};
		DEB12055741277B16F6FFFF2 /* Embed Frameworks */ = {
			isa = PBXCopyFilesBuildPhase;
			buildActionMask = 2147483647;
			dstPath = "";
			dstSubfolderSpec = 10;
			files = (
			);
			name = "Embed Frameworks";
			runOnlyForDeploymentPostprocessing = 0;
		};
		F13B7A6305DB4DB6F4F58F15 /* Embed Frameworks */ = {
			isa = PBXCopyFilesBuildPhase;
			buildActionMask = 2147483647;
			dstPath = "";
			dstSubfolderSpec = 10;
			files = (
				53EC35A2678768AD7189D7EC /* CommadKit.framework in Embed Frameworks */,
				31663E07E235236768A982CA /* CommadUI.framework in Embed Frameworks */,
			);
			name = "Embed Frameworks";
			runOnlyForDeploymentPostprocessing = 0;
		};
/* End PBXCopyFilesBuildPhase section */

/* Begin PBXFileReference section */
		00A68810AFBAFFE1995A1BE5 /* CommadUITests-Info.plist */ = {isa = PBXFileReference; lastKnownFileType = text.plist; path = "CommadUITests-Info.plist"; sourceTree = "<group>"; };
		0715DE94FB9058D2398777D2 /* CommadUITests.swift */ = {isa = PBXFileReference; lastKnownFileType = sourcecode.swift; path = CommadUITests.swift; sourceTree = "<group>"; };
		20DEB388653F79327CB7E6F0 /* CommadTests-Info.plist */ = {isa = PBXFileReference; lastKnownFileType = text.plist; path = "CommadTests-Info.plist"; sourceTree = "<group>"; };
		27852E038982346EE844D5F8 /* CommadKitTests.xctest */ = {isa = PBXFileReference; explicitFileType = wrapper.cfbundle; includeInIndex = 0; path = CommadKitTests.xctest; sourceTree = BUILT_PRODUCTS_DIR; };
		28406FCC21DDFB1276095E31 /* Commad-Info.plist */ = {isa = PBXFileReference; lastKnownFileType = text.plist; path = "Commad-Info.plist"; sourceTree = "<group>"; };
		2D8E0F7B93E03E9DB9FFE279 /* CommadUI.swift */ = {isa = PBXFileReference; lastKnownFileType = sourcecode.swift; path = CommadUI.swift; sourceTree = "<group>"; };
		2E2583FC05D89052A825D7B7 /* Commad.app */ = {isa = PBXFileReference; explicitFileType = wrapper.application; includeInIndex = 0; path = Commad.app; sourceTree = BUILT_PRODUCTS_DIR; };
		2F298E4C253BD1042AEF42C2 /* TuistBundle+Commad.swift */ = {isa = PBXFileReference; lastKnownFileType = sourcecode.swift; path = "TuistBundle+Commad.swift"; sourceTree = "<group>"; };
		428C67AC947DCA1D10DF3144 /* CommadKitTests.swift */ = {isa = PBXFileReference; lastKnownFileType = sourcecode.swift; path = CommadKitTests.swift; sourceTree = "<group>"; };
		56CD25CDFB925FDEE36E1161 /* CommadKit.framework */ = {isa = PBXFileReference; explicitFileType = wrapper.framework; includeInIndex = 0; path = CommadKit.framework; sourceTree = BUILT_PRODUCTS_DIR; };
		7697469DACB6B26D9CB3D1A2 /* CommadUI-Info.plist */ = {isa = PBXFileReference; lastKnownFileType = text.plist; path = "CommadUI-Info.plist"; sourceTree = "<group>"; };
		A31466EAFBAFF53B22F89D4A /* LaunchScreen.storyboard */ = {isa = PBXFileReference; lastKnownFileType = file.storyboard; path = LaunchScreen.storyboard; sourceTree = "<group>"; };
		AA7D9F440A0CB3B69C183121 /* CommadTests.xctest */ = {isa = PBXFileReference; explicitFileType = wrapper.cfbundle; includeInIndex = 0; path = CommadTests.xctest; sourceTree = BUILT_PRODUCTS_DIR; };
		B07D9D7C296576B7419DE4FC /* CommadKitTests-Info.plist */ = {isa = PBXFileReference; lastKnownFileType = text.plist; path = "CommadKitTests-Info.plist"; sourceTree = "<group>"; };
		B2FBB684C029630F093FA5A7 /* AppTests.swift */ = {isa = PBXFileReference; lastKnownFileType = sourcecode.swift; path = AppTests.swift; sourceTree = "<group>"; };
		BD1805410ACF750FF0D36CEE /* AppDelegate.swift */ = {isa = PBXFileReference; lastKnownFileType = sourcecode.swift; path = AppDelegate.swift; sourceTree = "<group>"; };
		C4AB78BD070B055D5EBC0468 /* CommadKit.swift */ = {isa = PBXFileReference; lastKnownFileType = sourcecode.swift; path = CommadKit.swift; sourceTree = "<group>"; };
		CC3B7BB6D8FD7E47C7BCADEA /* CommadKit-Info.plist */ = {isa = PBXFileReference; lastKnownFileType = text.plist; path = "CommadKit-Info.plist"; sourceTree = "<group>"; };
		F7B83BC2378DDFCB09684C8D /* CommadUITests.xctest */ = {isa = PBXFileReference; explicitFileType = wrapper.cfbundle; includeInIndex = 0; path = CommadUITests.xctest; sourceTree = BUILT_PRODUCTS_DIR; };
		F875CCC420DE32D3B7DD1CEB /* CommadUI.framework */ = {isa = PBXFileReference; explicitFileType = wrapper.framework; includeInIndex = 0; path = CommadUI.framework; sourceTree = BUILT_PRODUCTS_DIR; };
/* End PBXFileReference section */

/* Begin PBXFrameworksBuildPhase section */
		3753E76FC4584F1D184A438D /* Frameworks */ = {
			isa = PBXFrameworksBuildPhase;
			buildActionMask = 2147483647;
			files = (
				F8D67B162689A466D45477DF /* CommadUI.framework in Frameworks */,
			);
			runOnlyForDeploymentPostprocessing = 0;
		};
		79B03C980D7C23A2D0C4CBC2 /* Frameworks */ = {
			isa = PBXFrameworksBuildPhase;
			buildActionMask = 2147483647;
			files = (
			);
			runOnlyForDeploymentPostprocessing = 0;
		};
		A8AACA26FA7822234386EF58 /* Frameworks */ = {
			isa = PBXFrameworksBuildPhase;
			buildActionMask = 2147483647;
			files = (
			);
			runOnlyForDeploymentPostprocessing = 0;
		};
		BAB5F6C2ACD078E52B740E66 /* Frameworks */ = {
			isa = PBXFrameworksBuildPhase;
			buildActionMask = 2147483647;
			files = (
				F8766118F7B00FAAC024EEC2 /* CommadKit.framework in Frameworks */,
			);
			runOnlyForDeploymentPostprocessing = 0;
		};
>>>>>>> origin
		CBDA97B5D86DED019D7FFEB0 /* Frameworks */ = {
			isa = PBXFrameworksBuildPhase;
			buildActionMask = 2147483647;
			files = (
<<<<<<< HEAD
				EF6A03145E677616858123E2 /* SnapKit.framework in Frameworks */,
=======
				C25FA2C9F872616A5499D912 /* CommadKit.framework in Frameworks */,
				DCF0F6643233E665473F4B50 /* CommadUI.framework in Frameworks */,
			);
			runOnlyForDeploymentPostprocessing = 0;
		};
		CBF6D7115DE9F00632E7D0EB /* Frameworks */ = {
			isa = PBXFrameworksBuildPhase;
			buildActionMask = 2147483647;
			files = (
>>>>>>> origin
			);
			runOnlyForDeploymentPostprocessing = 0;
		};
/* End PBXFrameworksBuildPhase section */

/* Begin PBXGroup section */
<<<<<<< HEAD
		34641AAFF637B6564F1ADC8C /* Member */ = {
			isa = PBXGroup;
			children = (
				3ABAF71648ED0DF1661C0C7C /* Cell */,
				9FA62598C81F21CDA1EC41C4 /* MemberListInteractor.swift */,
				6A9807C366642077429A8C92 /* MemberListModels.swift */,
				1197AB765DC3C6D11673E178 /* MemberListPresenter.swift */,
				3D8C3AAECB2AB62E84238FBB /* MemberListRouter.swift */,
				CE1B82C690D548C25BB4503C /* MemberListController.swift */,
				D00C5BEBF2E7AAF0717555D3 /* MemberListWorker.swift */,
				C15676302B18566000F3196F /* PinterestLayout.swift */,
				C1542BAA2B26DE6800BD3562 /* Animator.swift */,
			);
			path = Member;
			sourceTree = "<group>";
		};
		3A645A062668DBECB5FBFF6E /* Application */ = {
			isa = PBXGroup;
			children = (
				CF93625CCBB0AD16FCD2B043 /* AppDelegate.swift */,
				EB4B7ECE7273CF9EC87B1E7E /* SceneDelegate.swift */,
			);
			path = Application;
			sourceTree = "<group>";
		};
		3ABAF71648ED0DF1661C0C7C /* Cell */ = {
			isa = PBXGroup;
			children = (
				9F84D1945BD7A84BA193F870 /* MemberCell.swift */,
			);
			path = Cell;
			sourceTree = "<group>";
		};
		3E8386B98A13956FA7CDD7B5 /* Component */ = {
			isa = PBXGroup;
			children = (
				8EA3B6A2F9019AA094CFFBF4 /* MemberProfileCell.swift */,
			);
			path = Component;
			sourceTree = "<group>";
		};
		3F4D3DF2D33EFBDFC6FDAA7F /* Commad */ = {
			isa = PBXGroup;
			children = (
				F3D45FB5F6FDAF8B3E968282 /* Resources */,
				CF8A3001FE20DF9E98A45DC0 /* Sources */,
			);
			path = Commad;
=======
		1BE704CFD0B6A929712BBE4A /* CommadKit */ = {
			isa = PBXGroup;
			children = (
				E3382D542FE8F148E4CB5D73 /* Sources */,
				6897446B87B07C77697AB5E3 /* Tests */,
			);
			path = CommadKit;
			sourceTree = "<group>";
		};
		29119BB4F44007DDDCF92355 /* Tests */ = {
			isa = PBXGroup;
			children = (
				0715DE94FB9058D2398777D2 /* CommadUITests.swift */,
			);
			path = Tests;
			sourceTree = "<group>";
		};
		402A9FC53F963DA2CCE03A8D /* Targets */ = {
			isa = PBXGroup;
			children = (
				EE9E94C4790C0988705B5E38 /* Commad */,
				1BE704CFD0B6A929712BBE4A /* CommadKit */,
				AF5DBEBB67526BE7FF2C93C4 /* CommadUI */,
			);
			path = Targets;
>>>>>>> origin
			sourceTree = "<group>";
		};
		402BB18C1356C91416B649E1 /* Products */ = {
			isa = PBXGroup;
			children = (
				2E2583FC05D89052A825D7B7 /* Commad.app */,
<<<<<<< HEAD
				A46963314DC06931879F33D8 /* SnapKit.framework */,
=======
				56CD25CDFB925FDEE36E1161 /* CommadKit.framework */,
				27852E038982346EE844D5F8 /* CommadKitTests.xctest */,
				AA7D9F440A0CB3B69C183121 /* CommadTests.xctest */,
				F875CCC420DE32D3B7DD1CEB /* CommadUI.framework */,
				F7B83BC2378DDFCB09684C8D /* CommadUITests.xctest */,
>>>>>>> origin
			);
			name = Products;
			sourceTree = "<group>";
		};
		532795227FF93BC9166AF558 /* Frameworks */ = {
			isa = PBXGroup;
			children = (
			);
			name = Frameworks;
			sourceTree = "<group>";
		};
<<<<<<< HEAD
		56D013A845E9FE1A569C200D /* Model */ = {
			isa = PBXGroup;
			children = (
				1D39C6A470791C9E227169D9 /* Member.swift */,
			);
			path = Model;
			sourceTree = "<group>";
		};
		663B12D4C8247E9B31D64DFB /* MemberDetail */ = {
			isa = PBXGroup;
			children = (
				3E8386B98A13956FA7CDD7B5 /* Component */,
				C7744914A5CCEFC007DEE8D3 /* MemberDetailController.swift */,
			);
			path = MemberDetail;
			sourceTree = "<group>";
		};
		690598E204DE3072C20D11C1 /* Main */ = {
			isa = PBXGroup;
			children = (
				BE084DD6191708B278C17524 /* Component */,
				C8A2D23CF452A88E963F012F /* HomeHeaderView.swift */,
				5741D278EB4A862A5B54F15D /* MainInteractor.swift */,
				FCF92C152A42601148C1F0A3 /* MainModels.swift */,
				AA9671FB6E3620846292276F /* MainPresenter.swift */,
				877BD2A836F5A38198753243 /* MainRouter.swift */,
				A02CF93435A36A6D7309E8B5 /* MainViewController.swift */,
				C2AA6BC570099389D76D381D /* MainWorker.swift */,
			);
			path = Main;
			sourceTree = "<group>";
		};
		7CE6C687E35E6AF856F0FAC4 /* Utility */ = {
			isa = PBXGroup;
			children = (
				6A675C40BED3451633281B36 /* UIViewExtention.swift */,
			);
			path = Utility;
=======
		6897446B87B07C77697AB5E3 /* Tests */ = {
			isa = PBXGroup;
			children = (
				428C67AC947DCA1D10DF3144 /* CommadKitTests.swift */,
			);
			path = Tests;
			sourceTree = "<group>";
		};
		6933D0C0D65D9E7F76BE7998 /* Sources */ = {
			isa = PBXGroup;
			children = (
				2D8E0F7B93E03E9DB9FFE279 /* CommadUI.swift */,
			);
			path = Sources;
			sourceTree = "<group>";
		};
		9D9BF2F52E4EBEB67584E890 /* Sources */ = {
			isa = PBXGroup;
			children = (
				BD1805410ACF750FF0D36CEE /* AppDelegate.swift */,
			);
			path = Sources;
>>>>>>> origin
			sourceTree = "<group>";
		};
		A320173D1B55C383D0025DAB /* InfoPlists */ = {
			isa = PBXGroup;
			children = (
				28406FCC21DDFB1276095E31 /* Commad-Info.plist */,
<<<<<<< HEAD
=======
				CC3B7BB6D8FD7E47C7BCADEA /* CommadKit-Info.plist */,
				B07D9D7C296576B7419DE4FC /* CommadKitTests-Info.plist */,
				20DEB388653F79327CB7E6F0 /* CommadTests-Info.plist */,
				7697469DACB6B26D9CB3D1A2 /* CommadUI-Info.plist */,
				00A68810AFBAFFE1995A1BE5 /* CommadUITests-Info.plist */,
>>>>>>> origin
			);
			path = InfoPlists;
			sourceTree = "<group>";
		};
		A92DC671BC1D04F9EB37ED95 = {
			isa = PBXGroup;
			children = (
				EB98A170BC939A00848A57CF /* Project */,
				532795227FF93BC9166AF558 /* Frameworks */,
				402BB18C1356C91416B649E1 /* Products */,
			);
			sourceTree = "<group>";
		};
<<<<<<< HEAD
=======
		AF5DBEBB67526BE7FF2C93C4 /* CommadUI */ = {
			isa = PBXGroup;
			children = (
				6933D0C0D65D9E7F76BE7998 /* Sources */,
				29119BB4F44007DDDCF92355 /* Tests */,
			);
			path = CommadUI;
			sourceTree = "<group>";
		};
>>>>>>> origin
		B21ECC1F7CCDF61006C0C089 /* Derived */ = {
			isa = PBXGroup;
			children = (
				A320173D1B55C383D0025DAB /* InfoPlists */,
				C79A40E37BCDF61195EF9CD7 /* Sources */,
			);
			path = Derived;
			sourceTree = "<group>";
		};
<<<<<<< HEAD
		BE084DD6191708B278C17524 /* Component */ = {
			isa = PBXGroup;
			children = (
				3998BCFB6A65257221742EFF /* MainHeaderView.swift */,
				7CE55C3E2746DF990588F362 /* MainMemberListCollectionViewCell.swift */,
			);
			path = Component;
			sourceTree = "<group>";
		};
=======
>>>>>>> origin
		C79A40E37BCDF61195EF9CD7 /* Sources */ = {
			isa = PBXGroup;
			children = (
				2F298E4C253BD1042AEF42C2 /* TuistBundle+Commad.swift */,
<<<<<<< HEAD
				BB23892D156D3301DAB8E535 /* TuistPlists+Commad.swift */,
=======
>>>>>>> origin
			);
			path = Sources;
			sourceTree = "<group>";
		};
<<<<<<< HEAD
		C9A03B0139F4BFAAAAB9E858 /* Scenes */ = {
			isa = PBXGroup;
			children = (
				690598E204DE3072C20D11C1 /* Main */,
				34641AAFF637B6564F1ADC8C /* Member */,
				663B12D4C8247E9B31D64DFB /* MemberDetail */,
			);
			path = Scenes;
			sourceTree = "<group>";
		};
		CA7D9048A158BEEBFA08177A /* Service */ = {
			isa = PBXGroup;
			children = (
				D858DFC012C44B14A3384E74 /* APIService.swift */,
			);
			path = Service;
			sourceTree = "<group>";
		};
		CF8A3001FE20DF9E98A45DC0 /* Sources */ = {
			isa = PBXGroup;
			children = (
				3A645A062668DBECB5FBFF6E /* Application */,
				56D013A845E9FE1A569C200D /* Model */,
				DC4F944E0598FB581000026C /* Network */,
				C9A03B0139F4BFAAAAB9E858 /* Scenes */,
				CA7D9048A158BEEBFA08177A /* Service */,
				7CE6C687E35E6AF856F0FAC4 /* Utility */,
=======
		E3382D542FE8F148E4CB5D73 /* Sources */ = {
			isa = PBXGroup;
			children = (
				C4AB78BD070B055D5EBC0468 /* CommadKit.swift */,
>>>>>>> origin
			);
			path = Sources;
			sourceTree = "<group>";
		};
<<<<<<< HEAD
		D2B51B879439D03350741538 /* XCConfig */ = {
			isa = PBXGroup;
			children = (
				EC1D22A383C8514A07BDCE37 /* Commad-debug.xcconfig */,
				404195779201EDA6EE833E60 /* Commad-release.xcconfig */,
			);
			path = XCConfig;
			sourceTree = "<group>";
		};
		DC4F944E0598FB581000026C /* Network */ = {
			isa = PBXGroup;
			children = (
				E1EEC765ABD410B3EAC8EA3B /* NetworkService.swift */,
				C156762C2B183A1500F3196F /* RequestBuilder.swift */,
				C156762E2B183AC000F3196F /* EndPoint.swift */,
			);
			path = Network;
			sourceTree = "<group>";
		};
		EB98A170BC939A00848A57CF /* Project */ = {
			isa = PBXGroup;
			children = (
				3F4D3DF2D33EFBDFC6FDAA7F /* Commad */,
				B21ECC1F7CCDF61006C0C089 /* Derived */,
				D2B51B879439D03350741538 /* XCConfig */,
=======
		EB98A170BC939A00848A57CF /* Project */ = {
			isa = PBXGroup;
			children = (
				B21ECC1F7CCDF61006C0C089 /* Derived */,
				402A9FC53F963DA2CCE03A8D /* Targets */,
>>>>>>> origin
			);
			name = Project;
			sourceTree = "<group>";
		};
<<<<<<< HEAD
		F3D45FB5F6FDAF8B3E968282 /* Resources */ = {
			isa = PBXGroup;
			children = (
				5D049BED511CEE268F267582 /* Info.plist */,
				C1542BB22B29B50E00BD3562 /* Assets.xcassets */,
=======
		EE9E94C4790C0988705B5E38 /* Commad */ = {
			isa = PBXGroup;
			children = (
				FB4048E98D588FDF6E0D3377 /* Resources */,
				9D9BF2F52E4EBEB67584E890 /* Sources */,
				F9DE978097DC8F013B01AF71 /* Tests */,
			);
			path = Commad;
			sourceTree = "<group>";
		};
		F9DE978097DC8F013B01AF71 /* Tests */ = {
			isa = PBXGroup;
			children = (
				B2FBB684C029630F093FA5A7 /* AppTests.swift */,
			);
			path = Tests;
			sourceTree = "<group>";
		};
		FB4048E98D588FDF6E0D3377 /* Resources */ = {
			isa = PBXGroup;
			children = (
				A31466EAFBAFF53B22F89D4A /* LaunchScreen.storyboard */,
>>>>>>> origin
			);
			path = Resources;
			sourceTree = "<group>";
		};
/* End PBXGroup section */

/* Begin PBXNativeTarget section */
<<<<<<< HEAD
=======
		63681165EF72BC215EC356AD /* CommadUITests */ = {
			isa = PBXNativeTarget;
			buildConfigurationList = 7821D4003047B99D8EDBE463 /* Build configuration list for PBXNativeTarget "CommadUITests" */;
			buildPhases = (
				A7A5E87C3BA480B8589E06BB /* Sources */,
				E92FC137E94FAD43F356D847 /* Resources */,
				DEB12055741277B16F6FFFF2 /* Embed Frameworks */,
				3753E76FC4584F1D184A438D /* Frameworks */,
			);
			buildRules = (
			);
			dependencies = (
				D595D7B0DAA62229E2C64D42 /* PBXTargetDependency */,
			);
			name = CommadUITests;
			productName = CommadUITests;
			productReference = F7B83BC2378DDFCB09684C8D /* CommadUITests.xctest */;
			productType = "com.apple.product-type.bundle.unit-test";
		};
>>>>>>> origin
		96A56DB1E4DD54C3503F1B6B /* Commad */ = {
			isa = PBXNativeTarget;
			buildConfigurationList = 816E863A6B19D0CDE8BD2481 /* Build configuration list for PBXNativeTarget "Commad" */;
			buildPhases = (
				E4203A9CAD0B2DDB1062A6A3 /* Sources */,
				84BB57BD342EA091628E54B7 /* Resources */,
				F13B7A6305DB4DB6F4F58F15 /* Embed Frameworks */,
				CBDA97B5D86DED019D7FFEB0 /* Frameworks */,
			);
			buildRules = (
			);
			dependencies = (
<<<<<<< HEAD
=======
				2B53C003243EE757969BE35D /* PBXTargetDependency */,
				CC33EAFB55363DB12A8C12AE /* PBXTargetDependency */,
>>>>>>> origin
			);
			name = Commad;
			productName = Commad;
			productReference = 2E2583FC05D89052A825D7B7 /* Commad.app */;
			productType = "com.apple.product-type.application";
		};
<<<<<<< HEAD
=======
		9A28848B43C588918C219EE5 /* CommadUI */ = {
			isa = PBXNativeTarget;
			buildConfigurationList = 9A1800ED5A904B619C0F8842 /* Build configuration list for PBXNativeTarget "CommadUI" */;
			buildPhases = (
				3FF6795E0DB466CD277A068E /* Sources */,
				3B5AEFAFEBA02E921AE39FF3 /* Resources */,
				1105D753237756B1A03412BE /* Embed Frameworks */,
				A8AACA26FA7822234386EF58 /* Frameworks */,
			);
			buildRules = (
			);
			dependencies = (
			);
			name = CommadUI;
			productName = CommadUI;
			productReference = F875CCC420DE32D3B7DD1CEB /* CommadUI.framework */;
			productType = "com.apple.product-type.framework";
		};
		9A7314B8CB0D1BCD43FB0EFB /* CommadKitTests */ = {
			isa = PBXNativeTarget;
			buildConfigurationList = D1C0C811F8DC5EDFE4A894B9 /* Build configuration list for PBXNativeTarget "CommadKitTests" */;
			buildPhases = (
				1A06CFF04E7431A2F1E3DE44 /* Sources */,
				4C03E8657397BE6F09992D8F /* Resources */,
				D578DE9D12C96550A2C61671 /* Embed Frameworks */,
				BAB5F6C2ACD078E52B740E66 /* Frameworks */,
			);
			buildRules = (
			);
			dependencies = (
				7629533717D876171E35CA92 /* PBXTargetDependency */,
			);
			name = CommadKitTests;
			productName = CommadKitTests;
			productReference = 27852E038982346EE844D5F8 /* CommadKitTests.xctest */;
			productType = "com.apple.product-type.bundle.unit-test";
		};
		CFA0F95A63101A0EDC26E8BB /* CommadTests */ = {
			isa = PBXNativeTarget;
			buildConfigurationList = 45DE2000674300847F8A1956 /* Build configuration list for PBXNativeTarget "CommadTests" */;
			buildPhases = (
				DD2754DE4BFC5D10C684DCAC /* Sources */,
				DEB2A71E2144F9B287B452FA /* Resources */,
				3EC39AD2A71CF42430749527 /* Embed Frameworks */,
				CBF6D7115DE9F00632E7D0EB /* Frameworks */,
			);
			buildRules = (
			);
			dependencies = (
				DDE0968AE13C82142AF18282 /* PBXTargetDependency */,
			);
			name = CommadTests;
			productName = CommadTests;
			productReference = AA7D9F440A0CB3B69C183121 /* CommadTests.xctest */;
			productType = "com.apple.product-type.bundle.unit-test";
		};
		CFCED137B694CDE14B1338C3 /* CommadKit */ = {
			isa = PBXNativeTarget;
			buildConfigurationList = E965EEEEFF367F98933BC1E2 /* Build configuration list for PBXNativeTarget "CommadKit" */;
			buildPhases = (
				4F68388C194BAD54BF0A78D6 /* Sources */,
				4644CAC8DE5D0941101D6A8C /* Resources */,
				8AEFDF2FA83D302C8F9F27DC /* Embed Frameworks */,
				79B03C980D7C23A2D0C4CBC2 /* Frameworks */,
			);
			buildRules = (
			);
			dependencies = (
			);
			name = CommadKit;
			productName = CommadKit;
			productReference = 56CD25CDFB925FDEE36E1161 /* CommadKit.framework */;
			productType = "com.apple.product-type.framework";
		};
>>>>>>> origin
/* End PBXNativeTarget section */

/* Begin PBXProject section */
		5D21068495243B44C015FF18 /* Project object */ = {
			isa = PBXProject;
			attributes = {
				BuildIndependentTargetsInParallel = YES;
<<<<<<< HEAD
				ORGANIZATIONNAME = aodrhs;
=======
				ORGANIZATIONNAME = tuist.io;
				TargetAttributes = {
					CFA0F95A63101A0EDC26E8BB = {
						TestTargetID = 96A56DB1E4DD54C3503F1B6B;
					};
				};
>>>>>>> origin
			};
			buildConfigurationList = C3298B31D55EFD46DE8DF5DE /* Build configuration list for PBXProject "Commad" */;
			compatibilityVersion = "Xcode 14.0";
			developmentRegion = en;
			hasScannedForEncodings = 0;
			knownRegions = (
				Base,
				en,
			);
			mainGroup = A92DC671BC1D04F9EB37ED95;
			productRefGroup = 402BB18C1356C91416B649E1 /* Products */;
			projectDirPath = "";
			projectRoot = "";
			targets = (
				96A56DB1E4DD54C3503F1B6B /* Commad */,
<<<<<<< HEAD
=======
				CFA0F95A63101A0EDC26E8BB /* CommadTests */,
				CFCED137B694CDE14B1338C3 /* CommadKit */,
				9A7314B8CB0D1BCD43FB0EFB /* CommadKitTests */,
				9A28848B43C588918C219EE5 /* CommadUI */,
				63681165EF72BC215EC356AD /* CommadUITests */,
>>>>>>> origin
			);
		};
/* End PBXProject section */

/* Begin PBXResourcesBuildPhase section */
<<<<<<< HEAD
=======
		3B5AEFAFEBA02E921AE39FF3 /* Resources */ = {
			isa = PBXResourcesBuildPhase;
			buildActionMask = 2147483647;
			files = (
			);
			runOnlyForDeploymentPostprocessing = 0;
		};
		4644CAC8DE5D0941101D6A8C /* Resources */ = {
			isa = PBXResourcesBuildPhase;
			buildActionMask = 2147483647;
			files = (
			);
			runOnlyForDeploymentPostprocessing = 0;
		};
		4C03E8657397BE6F09992D8F /* Resources */ = {
			isa = PBXResourcesBuildPhase;
			buildActionMask = 2147483647;
			files = (
			);
			runOnlyForDeploymentPostprocessing = 0;
		};
>>>>>>> origin
		84BB57BD342EA091628E54B7 /* Resources */ = {
			isa = PBXResourcesBuildPhase;
			buildActionMask = 2147483647;
			files = (
<<<<<<< HEAD
=======
				A8335D8F90D743D958B587F3 /* LaunchScreen.storyboard in Resources */,
			);
			runOnlyForDeploymentPostprocessing = 0;
		};
		DEB2A71E2144F9B287B452FA /* Resources */ = {
			isa = PBXResourcesBuildPhase;
			buildActionMask = 2147483647;
			files = (
			);
			runOnlyForDeploymentPostprocessing = 0;
		};
		E92FC137E94FAD43F356D847 /* Resources */ = {
			isa = PBXResourcesBuildPhase;
			buildActionMask = 2147483647;
			files = (
>>>>>>> origin
			);
			runOnlyForDeploymentPostprocessing = 0;
		};
/* End PBXResourcesBuildPhase section */

/* Begin PBXSourcesBuildPhase section */
<<<<<<< HEAD
=======
		1A06CFF04E7431A2F1E3DE44 /* Sources */ = {
			isa = PBXSourcesBuildPhase;
			buildActionMask = 2147483647;
			files = (
				8CEB839C1164F90CE353E632 /* CommadKitTests.swift in Sources */,
			);
			runOnlyForDeploymentPostprocessing = 0;
		};
		3FF6795E0DB466CD277A068E /* Sources */ = {
			isa = PBXSourcesBuildPhase;
			buildActionMask = 2147483647;
			files = (
				F09C2192BB9CB74CBA979CEE /* CommadUI.swift in Sources */,
			);
			runOnlyForDeploymentPostprocessing = 0;
		};
		4F68388C194BAD54BF0A78D6 /* Sources */ = {
			isa = PBXSourcesBuildPhase;
			buildActionMask = 2147483647;
			files = (
				DFE4FC637EC609EA74D4FE51 /* CommadKit.swift in Sources */,
			);
			runOnlyForDeploymentPostprocessing = 0;
		};
		A7A5E87C3BA480B8589E06BB /* Sources */ = {
			isa = PBXSourcesBuildPhase;
			buildActionMask = 2147483647;
			files = (
				936D24F77E81AD94C9A8C36D /* CommadUITests.swift in Sources */,
			);
			runOnlyForDeploymentPostprocessing = 0;
		};
		DD2754DE4BFC5D10C684DCAC /* Sources */ = {
			isa = PBXSourcesBuildPhase;
			buildActionMask = 2147483647;
			files = (
				20A930ACB82D4EF08E3A27E8 /* AppTests.swift in Sources */,
			);
			runOnlyForDeploymentPostprocessing = 0;
		};
>>>>>>> origin
		E4203A9CAD0B2DDB1062A6A3 /* Sources */ = {
			isa = PBXSourcesBuildPhase;
			buildActionMask = 2147483647;
			files = (
<<<<<<< HEAD
				C1542BAB2B26DE6800BD3562 /* Animator.swift in Sources */,
				7C5E28BE4ACDFFA30A70B9C7 /* AppDelegate.swift in Sources */,
				7EE314AFFE301EFF45A12B83 /* SceneDelegate.swift in Sources */,
				1FF45073C5C8E8886A1F827C /* Member.swift in Sources */,
				C156762D2B183A1500F3196F /* RequestBuilder.swift in Sources */,
				5EC2AA5FF71B6825B411690F /* NetworkService.swift in Sources */,
				0C928E627DCFCEFA6E782192 /* MainHeaderView.swift in Sources */,
				F5C3FE5E3FC5E0A22DC8955D /* MainMemberListCollectionViewCell.swift in Sources */,
				9F80C4F653ED5DE3EF0B6F0B /* HomeHeaderView.swift in Sources */,
				929C738858BFC2AA54717B4D /* MainInteractor.swift in Sources */,
				1CE927603D44857B4824A143 /* MainModels.swift in Sources */,
				03F50A815E02FCE8BF981991 /* MainPresenter.swift in Sources */,
				570D1EE98C217F4BB74DDB73 /* MainRouter.swift in Sources */,
				42A3C5DB1247FD9281DB67CA /* MainViewController.swift in Sources */,
				549A7438ED0F320A8EC76CF1 /* MainWorker.swift in Sources */,
				40DFB6FBBD3340B84FD1A705 /* MemberCell.swift in Sources */,
				0A3EFCC8D3590C11798E52EB /* MemberListInteractor.swift in Sources */,
				CED7642F9D6956117B6F03E3 /* MemberListModels.swift in Sources */,
				3BE05F8DB4A2464F325C3EAF /* MemberListPresenter.swift in Sources */,
				C15676312B18566000F3196F /* PinterestLayout.swift in Sources */,
				85B0C9A49BD6E2ECF05491BB /* MemberListRouter.swift in Sources */,
				F5A1CB1321B4D29D584635E2 /* MemberListController.swift in Sources */,
				786F39690FF1ABC758FA9BA6 /* MemberListWorker.swift in Sources */,
				1A0B3364619753B05B37359E /* MemberProfileCell.swift in Sources */,
				68A77C36790A566F1FE0C712 /* MemberDetailController.swift in Sources */,
				47D3A44BE7928BF3A2435CC4 /* APIService.swift in Sources */,
				EAF00E0BC93BBD0734B96DDC /* UIViewExtention.swift in Sources */,
				8866A35839FE8CA9BDF5C57E /* TuistBundle+Commad.swift in Sources */,
				C156762F2B183AC000F3196F /* EndPoint.swift in Sources */,
				8F7BCDBF00D7AE9E93B33193 /* TuistPlists+Commad.swift in Sources */,
=======
				8866A35839FE8CA9BDF5C57E /* TuistBundle+Commad.swift in Sources */,
				E138E0315E103485A06B07F5 /* AppDelegate.swift in Sources */,
>>>>>>> origin
			);
			runOnlyForDeploymentPostprocessing = 0;
		};
/* End PBXSourcesBuildPhase section */

<<<<<<< HEAD
/* Begin XCBuildConfiguration section */
		4AAB71B5366E8745E9800822 /* Debug */ = {
			isa = XCBuildConfiguration;
			baseConfigurationReference = EC1D22A383C8514A07BDCE37 /* Commad-debug.xcconfig */;
=======
/* Begin PBXTargetDependency section */
		2B53C003243EE757969BE35D /* PBXTargetDependency */ = {
			isa = PBXTargetDependency;
			name = CommadKit;
			target = CFCED137B694CDE14B1338C3 /* CommadKit */;
			targetProxy = 5CAC3D678CE7CE5047C60B91 /* PBXContainerItemProxy */;
		};
		7629533717D876171E35CA92 /* PBXTargetDependency */ = {
			isa = PBXTargetDependency;
			name = CommadKit;
			target = CFCED137B694CDE14B1338C3 /* CommadKit */;
			targetProxy = E73CED782086EACB0CE2871A /* PBXContainerItemProxy */;
		};
		CC33EAFB55363DB12A8C12AE /* PBXTargetDependency */ = {
			isa = PBXTargetDependency;
			name = CommadUI;
			target = 9A28848B43C588918C219EE5 /* CommadUI */;
			targetProxy = 1DFC88A4BC4C9395E44958C2 /* PBXContainerItemProxy */;
		};
		D595D7B0DAA62229E2C64D42 /* PBXTargetDependency */ = {
			isa = PBXTargetDependency;
			name = CommadUI;
			target = 9A28848B43C588918C219EE5 /* CommadUI */;
			targetProxy = DD3173F56128D448510FB094 /* PBXContainerItemProxy */;
		};
		DDE0968AE13C82142AF18282 /* PBXTargetDependency */ = {
			isa = PBXTargetDependency;
			name = Commad;
			target = 96A56DB1E4DD54C3503F1B6B /* Commad */;
			targetProxy = DF885D1FD3A440E1C989DF8B /* PBXContainerItemProxy */;
		};
/* End PBXTargetDependency section */

/* Begin XCBuildConfiguration section */
		29C993EFDDF03569E339A428 /* Release */ = {
			isa = XCBuildConfiguration;
			buildSettings = {
				CODE_SIGN_IDENTITY = "";
				CURRENT_PROJECT_VERSION = 1;
				DEFINES_MODULE = YES;
				DYLIB_COMPATIBILITY_VERSION = 1;
				DYLIB_CURRENT_VERSION = 1;
				DYLIB_INSTALL_NAME_BASE = "@rpath";
				INFOPLIST_FILE = "Derived/InfoPlists/CommadUI-Info.plist";
				INSTALL_PATH = "$(LOCAL_LIBRARY_DIR)/Frameworks";
				LD_RUNPATH_SEARCH_PATHS = (
					"$(inherited)",
					"@executable_path/Frameworks",
					"@loader_path/Frameworks",
				);
				PRODUCT_BUNDLE_IDENTIFIER = io.tuist.CommadUI;
				PRODUCT_NAME = CommadUI;
				SDKROOT = iphoneos;
				SKIP_INSTALL = YES;
				SUPPORTS_MACCATALYST = NO;
				SUPPORTS_MAC_DESIGNED_FOR_IPHONE_IPAD = YES;
				SUPPORTS_XR_DESIGNED_FOR_IPHONE_IPAD = NO;
				SWIFT_COMPILATION_MODE = wholemodule;
				SWIFT_OPTIMIZATION_LEVEL = "-Owholemodule";
				SWIFT_VERSION = 5.0;
				TARGETED_DEVICE_FAMILY = "1,2";
				VERSIONING_SYSTEM = "apple-generic";
				VERSION_INFO_PREFIX = "";
			};
			name = Release;
		};
		4A38557B434A15AE39E8D242 /* Debug */ = {
			isa = XCBuildConfiguration;
			buildSettings = {
				CODE_SIGN_IDENTITY = "iPhone Developer";
				INFOPLIST_FILE = "Derived/InfoPlists/CommadUITests-Info.plist";
				LD_RUNPATH_SEARCH_PATHS = (
					"$(inherited)",
					"@executable_path/Frameworks",
					"@loader_path/Frameworks",
				);
				PRODUCT_BUNDLE_IDENTIFIER = io.tuist.CommadUITests;
				PRODUCT_NAME = CommadUITests;
				SDKROOT = iphoneos;
				SUPPORTS_MACCATALYST = NO;
				SUPPORTS_MAC_DESIGNED_FOR_IPHONE_IPAD = YES;
				SUPPORTS_XR_DESIGNED_FOR_IPHONE_IPAD = NO;
				SWIFT_ACTIVE_COMPILATION_CONDITIONS = DEBUG;
				SWIFT_COMPILATION_MODE = singlefile;
				SWIFT_OPTIMIZATION_LEVEL = "-Onone";
				SWIFT_VERSION = 5.0;
				TARGETED_DEVICE_FAMILY = "1,2";
			};
			name = Debug;
		};
		4AAB71B5366E8745E9800822 /* Debug */ = {
			isa = XCBuildConfiguration;
>>>>>>> origin
			buildSettings = {
				ALWAYS_SEARCH_USER_PATHS = NO;
				CLANG_ANALYZER_LOCALIZABILITY_NONLOCALIZED = YES;
				CLANG_ANALYZER_NONNULL = YES;
				CLANG_ANALYZER_NUMBER_OBJECT_CONVERSION = YES_AGGRESSIVE;
				CLANG_CXX_LANGUAGE_STANDARD = "gnu++14";
				CLANG_CXX_LIBRARY = "libc++";
				CLANG_ENABLE_MODULES = YES;
				CLANG_ENABLE_OBJC_ARC = YES;
				CLANG_ENABLE_OBJC_WEAK = YES;
				CLANG_WARN_BLOCK_CAPTURE_AUTORELEASING = YES;
				CLANG_WARN_BOOL_CONVERSION = YES;
				CLANG_WARN_COMMA = YES;
				CLANG_WARN_CONSTANT_CONVERSION = YES;
				CLANG_WARN_DEPRECATED_OBJC_IMPLEMENTATIONS = YES;
				CLANG_WARN_DIRECT_OBJC_ISA_USAGE = YES_ERROR;
				CLANG_WARN_DOCUMENTATION_COMMENTS = YES;
				CLANG_WARN_EMPTY_BODY = YES;
				CLANG_WARN_ENUM_CONVERSION = YES;
				CLANG_WARN_INFINITE_RECURSION = YES;
				CLANG_WARN_INT_CONVERSION = YES;
				CLANG_WARN_NON_LITERAL_NULL_CONVERSION = YES;
				CLANG_WARN_OBJC_IMPLICIT_RETAIN_SELF = YES;
				CLANG_WARN_OBJC_LITERAL_CONVERSION = YES;
				CLANG_WARN_OBJC_ROOT_CLASS = YES_ERROR;
				CLANG_WARN_QUOTED_INCLUDE_IN_FRAMEWORK_HEADER = YES;
				CLANG_WARN_RANGE_LOOP_ANALYSIS = YES;
				CLANG_WARN_STRICT_PROTOTYPES = YES;
				CLANG_WARN_SUSPICIOUS_MOVE = YES;
				CLANG_WARN_UNGUARDED_AVAILABILITY = YES_AGGRESSIVE;
				CLANG_WARN_UNREACHABLE_CODE = YES;
				CLANG_WARN__DUPLICATE_METHOD_MATCH = YES;
				COPY_PHASE_STRIP = NO;
				DEAD_CODE_STRIPPING = YES;
				DEBUG_INFORMATION_FORMAT = dwarf;
				ENABLE_STRICT_OBJC_MSGSEND = YES;
				ENABLE_TESTABILITY = YES;
				GCC_C_LANGUAGE_STANDARD = gnu11;
				GCC_DYNAMIC_NO_PIC = NO;
				GCC_NO_COMMON_BLOCKS = YES;
				GCC_OPTIMIZATION_LEVEL = 0;
				GCC_PREPROCESSOR_DEFINITIONS = (
					"DEBUG=1",
					"$(inherited)",
				);
				GCC_WARN_64_TO_32_BIT_CONVERSION = YES;
				GCC_WARN_ABOUT_RETURN_TYPE = YES_ERROR;
				GCC_WARN_UNDECLARED_SELECTOR = YES;
				GCC_WARN_UNINITIALIZED_AUTOS = YES_AGGRESSIVE;
				GCC_WARN_UNUSED_FUNCTION = YES;
				GCC_WARN_UNUSED_VARIABLE = YES;
				MTL_ENABLE_DEBUG_INFO = YES;
				ONLY_ACTIVE_ARCH = YES;
				PRODUCT_NAME = "$(TARGET_NAME)";
			};
			name = Debug;
		};
<<<<<<< HEAD
		5983C6A58320E88C2C297E7C /* Release */ = {
			isa = XCBuildConfiguration;
			baseConfigurationReference = 404195779201EDA6EE833E60 /* Commad-release.xcconfig */;
=======
		55417F0B37B76360D23B5EBD /* Debug */ = {
			isa = XCBuildConfiguration;
			buildSettings = {
				CODE_SIGN_IDENTITY = "iPhone Developer";
				INFOPLIST_FILE = "Derived/InfoPlists/CommadKitTests-Info.plist";
				LD_RUNPATH_SEARCH_PATHS = (
					"$(inherited)",
					"@executable_path/Frameworks",
					"@loader_path/Frameworks",
				);
				PRODUCT_BUNDLE_IDENTIFIER = io.tuist.CommadKitTests;
				PRODUCT_NAME = CommadKitTests;
				SDKROOT = iphoneos;
				SUPPORTS_MACCATALYST = NO;
				SUPPORTS_MAC_DESIGNED_FOR_IPHONE_IPAD = YES;
				SUPPORTS_XR_DESIGNED_FOR_IPHONE_IPAD = NO;
				SWIFT_ACTIVE_COMPILATION_CONDITIONS = DEBUG;
				SWIFT_COMPILATION_MODE = singlefile;
				SWIFT_OPTIMIZATION_LEVEL = "-Onone";
				SWIFT_VERSION = 5.0;
				TARGETED_DEVICE_FAMILY = "1,2";
			};
			name = Debug;
		};
		5983C6A58320E88C2C297E7C /* Release */ = {
			isa = XCBuildConfiguration;
>>>>>>> origin
			buildSettings = {
				ALWAYS_SEARCH_USER_PATHS = NO;
				CLANG_ANALYZER_LOCALIZABILITY_NONLOCALIZED = YES;
				CLANG_ANALYZER_NONNULL = YES;
				CLANG_ANALYZER_NUMBER_OBJECT_CONVERSION = YES_AGGRESSIVE;
				CLANG_CXX_LANGUAGE_STANDARD = "gnu++14";
				CLANG_CXX_LIBRARY = "libc++";
				CLANG_ENABLE_MODULES = YES;
				CLANG_ENABLE_OBJC_ARC = YES;
				CLANG_ENABLE_OBJC_WEAK = YES;
				CLANG_WARN_BLOCK_CAPTURE_AUTORELEASING = YES;
				CLANG_WARN_BOOL_CONVERSION = YES;
				CLANG_WARN_COMMA = YES;
				CLANG_WARN_CONSTANT_CONVERSION = YES;
				CLANG_WARN_DEPRECATED_OBJC_IMPLEMENTATIONS = YES;
				CLANG_WARN_DIRECT_OBJC_ISA_USAGE = YES_ERROR;
				CLANG_WARN_DOCUMENTATION_COMMENTS = YES;
				CLANG_WARN_EMPTY_BODY = YES;
				CLANG_WARN_ENUM_CONVERSION = YES;
				CLANG_WARN_INFINITE_RECURSION = YES;
				CLANG_WARN_INT_CONVERSION = YES;
				CLANG_WARN_NON_LITERAL_NULL_CONVERSION = YES;
				CLANG_WARN_OBJC_IMPLICIT_RETAIN_SELF = YES;
				CLANG_WARN_OBJC_LITERAL_CONVERSION = YES;
				CLANG_WARN_OBJC_ROOT_CLASS = YES_ERROR;
				CLANG_WARN_QUOTED_INCLUDE_IN_FRAMEWORK_HEADER = YES;
				CLANG_WARN_RANGE_LOOP_ANALYSIS = YES;
				CLANG_WARN_STRICT_PROTOTYPES = YES;
				CLANG_WARN_SUSPICIOUS_MOVE = YES;
				CLANG_WARN_UNGUARDED_AVAILABILITY = YES_AGGRESSIVE;
				CLANG_WARN_UNREACHABLE_CODE = YES;
				CLANG_WARN__DUPLICATE_METHOD_MATCH = YES;
				COPY_PHASE_STRIP = NO;
				DEAD_CODE_STRIPPING = YES;
				DEBUG_INFORMATION_FORMAT = "dwarf-with-dsym";
				ENABLE_NS_ASSERTIONS = NO;
				ENABLE_STRICT_OBJC_MSGSEND = YES;
				GCC_C_LANGUAGE_STANDARD = gnu11;
				GCC_NO_COMMON_BLOCKS = YES;
				GCC_WARN_64_TO_32_BIT_CONVERSION = YES;
				GCC_WARN_ABOUT_RETURN_TYPE = YES_ERROR;
				GCC_WARN_UNDECLARED_SELECTOR = YES;
				GCC_WARN_UNINITIALIZED_AUTOS = YES_AGGRESSIVE;
				GCC_WARN_UNUSED_FUNCTION = YES;
				GCC_WARN_UNUSED_VARIABLE = YES;
				MTL_ENABLE_DEBUG_INFO = NO;
				PRODUCT_NAME = "$(TARGET_NAME)";
				VALIDATE_PRODUCT = YES;
			};
			name = Release;
		};
		5BDCD71D162297B4EE3A7E8D /* Debug */ = {
			isa = XCBuildConfiguration;
			buildSettings = {
<<<<<<< HEAD
				CODE_SIGN_IDENTITY = "iPhone Developer";
				ENABLE_PREVIEWS = YES;
				INFOPLIST_FILE = "Derived/InfoPlists/Commad-Info.plist";
				IPHONEOS_DEPLOYMENT_TARGET = 13.0;
=======
				ASSETCATALOG_COMPILER_APPICON_NAME = AppIcon;
				CODE_SIGN_IDENTITY = "iPhone Developer";
				ENABLE_PREVIEWS = YES;
				INFOPLIST_FILE = "Derived/InfoPlists/Commad-Info.plist";
>>>>>>> origin
				LD_RUNPATH_SEARCH_PATHS = (
					"$(inherited)",
					"@executable_path/Frameworks",
				);
<<<<<<< HEAD
				PRODUCT_BUNDLE_IDENTIFIER = com.aodrhs.Commad;
=======
				PRODUCT_BUNDLE_IDENTIFIER = io.tuist.Commad;
>>>>>>> origin
				PRODUCT_NAME = Commad;
				SDKROOT = iphoneos;
				SUPPORTS_MACCATALYST = NO;
				SUPPORTS_MAC_DESIGNED_FOR_IPHONE_IPAD = YES;
				SUPPORTS_XR_DESIGNED_FOR_IPHONE_IPAD = NO;
				SWIFT_ACTIVE_COMPILATION_CONDITIONS = DEBUG;
				SWIFT_COMPILATION_MODE = singlefile;
				SWIFT_OPTIMIZATION_LEVEL = "-Onone";
				SWIFT_VERSION = 5.0;
				TARGETED_DEVICE_FAMILY = "1,2";
			};
			name = Debug;
		};
		69ECD8F7B5ABA02E3C242591 /* Release */ = {
			isa = XCBuildConfiguration;
			buildSettings = {
<<<<<<< HEAD
				CODE_SIGN_IDENTITY = "iPhone Developer";
				ENABLE_PREVIEWS = YES;
				INFOPLIST_FILE = "Derived/InfoPlists/Commad-Info.plist";
				IPHONEOS_DEPLOYMENT_TARGET = 13.0;
=======
				ASSETCATALOG_COMPILER_APPICON_NAME = AppIcon;
				CODE_SIGN_IDENTITY = "iPhone Developer";
				ENABLE_PREVIEWS = YES;
				INFOPLIST_FILE = "Derived/InfoPlists/Commad-Info.plist";
>>>>>>> origin
				LD_RUNPATH_SEARCH_PATHS = (
					"$(inherited)",
					"@executable_path/Frameworks",
				);
<<<<<<< HEAD
				PRODUCT_BUNDLE_IDENTIFIER = com.aodrhs.Commad;
=======
				PRODUCT_BUNDLE_IDENTIFIER = io.tuist.Commad;
>>>>>>> origin
				PRODUCT_NAME = Commad;
				SDKROOT = iphoneos;
				SUPPORTS_MACCATALYST = NO;
				SUPPORTS_MAC_DESIGNED_FOR_IPHONE_IPAD = YES;
				SUPPORTS_XR_DESIGNED_FOR_IPHONE_IPAD = NO;
				SWIFT_COMPILATION_MODE = wholemodule;
				SWIFT_OPTIMIZATION_LEVEL = "-Owholemodule";
				SWIFT_VERSION = 5.0;
				TARGETED_DEVICE_FAMILY = "1,2";
			};
			name = Release;
		};
<<<<<<< HEAD
/* End XCBuildConfiguration section */

/* Begin XCConfigurationList section */
=======
		7E7D4A251ADDBBCB444C75C9 /* Debug */ = {
			isa = XCBuildConfiguration;
			buildSettings = {
				CODE_SIGN_IDENTITY = "";
				CURRENT_PROJECT_VERSION = 1;
				DEFINES_MODULE = YES;
				DYLIB_COMPATIBILITY_VERSION = 1;
				DYLIB_CURRENT_VERSION = 1;
				DYLIB_INSTALL_NAME_BASE = "@rpath";
				INFOPLIST_FILE = "Derived/InfoPlists/CommadUI-Info.plist";
				INSTALL_PATH = "$(LOCAL_LIBRARY_DIR)/Frameworks";
				LD_RUNPATH_SEARCH_PATHS = (
					"$(inherited)",
					"@executable_path/Frameworks",
					"@loader_path/Frameworks",
				);
				PRODUCT_BUNDLE_IDENTIFIER = io.tuist.CommadUI;
				PRODUCT_NAME = CommadUI;
				SDKROOT = iphoneos;
				SKIP_INSTALL = YES;
				SUPPORTS_MACCATALYST = NO;
				SUPPORTS_MAC_DESIGNED_FOR_IPHONE_IPAD = YES;
				SUPPORTS_XR_DESIGNED_FOR_IPHONE_IPAD = NO;
				SWIFT_ACTIVE_COMPILATION_CONDITIONS = DEBUG;
				SWIFT_COMPILATION_MODE = singlefile;
				SWIFT_OPTIMIZATION_LEVEL = "-Onone";
				SWIFT_VERSION = 5.0;
				TARGETED_DEVICE_FAMILY = "1,2";
				VERSIONING_SYSTEM = "apple-generic";
				VERSION_INFO_PREFIX = "";
			};
			name = Debug;
		};
		8DC48ACB7C8C889633EC5BE3 /* Release */ = {
			isa = XCBuildConfiguration;
			buildSettings = {
				BUNDLE_LOADER = "$(TEST_HOST)";
				CODE_SIGN_IDENTITY = "iPhone Developer";
				INFOPLIST_FILE = "Derived/InfoPlists/CommadTests-Info.plist";
				LD_RUNPATH_SEARCH_PATHS = (
					"$(inherited)",
					"@executable_path/Frameworks",
					"@loader_path/Frameworks",
				);
				PRODUCT_BUNDLE_IDENTIFIER = io.tuist.CommadTests;
				PRODUCT_NAME = CommadTests;
				SDKROOT = iphoneos;
				SUPPORTS_MACCATALYST = NO;
				SUPPORTS_MAC_DESIGNED_FOR_IPHONE_IPAD = YES;
				SUPPORTS_XR_DESIGNED_FOR_IPHONE_IPAD = NO;
				SWIFT_COMPILATION_MODE = wholemodule;
				SWIFT_OPTIMIZATION_LEVEL = "-Owholemodule";
				SWIFT_VERSION = 5.0;
				TARGETED_DEVICE_FAMILY = "1,2";
				TEST_HOST = "$(BUILT_PRODUCTS_DIR)/Commad.app/$(BUNDLE_EXECUTABLE_FOLDER_PATH)/Commad";
				TEST_TARGET_NAME = Commad;
			};
			name = Release;
		};
		8EEF494D312C3F7ABA01087E /* Debug */ = {
			isa = XCBuildConfiguration;
			buildSettings = {
				BUNDLE_LOADER = "$(TEST_HOST)";
				CODE_SIGN_IDENTITY = "iPhone Developer";
				INFOPLIST_FILE = "Derived/InfoPlists/CommadTests-Info.plist";
				LD_RUNPATH_SEARCH_PATHS = (
					"$(inherited)",
					"@executable_path/Frameworks",
					"@loader_path/Frameworks",
				);
				PRODUCT_BUNDLE_IDENTIFIER = io.tuist.CommadTests;
				PRODUCT_NAME = CommadTests;
				SDKROOT = iphoneos;
				SUPPORTS_MACCATALYST = NO;
				SUPPORTS_MAC_DESIGNED_FOR_IPHONE_IPAD = YES;
				SUPPORTS_XR_DESIGNED_FOR_IPHONE_IPAD = NO;
				SWIFT_ACTIVE_COMPILATION_CONDITIONS = DEBUG;
				SWIFT_COMPILATION_MODE = singlefile;
				SWIFT_OPTIMIZATION_LEVEL = "-Onone";
				SWIFT_VERSION = 5.0;
				TARGETED_DEVICE_FAMILY = "1,2";
				TEST_HOST = "$(BUILT_PRODUCTS_DIR)/Commad.app/$(BUNDLE_EXECUTABLE_FOLDER_PATH)/Commad";
				TEST_TARGET_NAME = Commad;
			};
			name = Debug;
		};
		B7D6CD84F19E4C45E1DF619C /* Release */ = {
			isa = XCBuildConfiguration;
			buildSettings = {
				CODE_SIGN_IDENTITY = "";
				CURRENT_PROJECT_VERSION = 1;
				DEFINES_MODULE = YES;
				DYLIB_COMPATIBILITY_VERSION = 1;
				DYLIB_CURRENT_VERSION = 1;
				DYLIB_INSTALL_NAME_BASE = "@rpath";
				INFOPLIST_FILE = "Derived/InfoPlists/CommadKit-Info.plist";
				INSTALL_PATH = "$(LOCAL_LIBRARY_DIR)/Frameworks";
				LD_RUNPATH_SEARCH_PATHS = (
					"$(inherited)",
					"@executable_path/Frameworks",
					"@loader_path/Frameworks",
				);
				PRODUCT_BUNDLE_IDENTIFIER = io.tuist.CommadKit;
				PRODUCT_NAME = CommadKit;
				SDKROOT = iphoneos;
				SKIP_INSTALL = YES;
				SUPPORTS_MACCATALYST = NO;
				SUPPORTS_MAC_DESIGNED_FOR_IPHONE_IPAD = YES;
				SUPPORTS_XR_DESIGNED_FOR_IPHONE_IPAD = NO;
				SWIFT_COMPILATION_MODE = wholemodule;
				SWIFT_OPTIMIZATION_LEVEL = "-Owholemodule";
				SWIFT_VERSION = 5.0;
				TARGETED_DEVICE_FAMILY = "1,2";
				VERSIONING_SYSTEM = "apple-generic";
				VERSION_INFO_PREFIX = "";
			};
			name = Release;
		};
		BFA563F70F384B2FF1A977F5 /* Debug */ = {
			isa = XCBuildConfiguration;
			buildSettings = {
				CODE_SIGN_IDENTITY = "";
				CURRENT_PROJECT_VERSION = 1;
				DEFINES_MODULE = YES;
				DYLIB_COMPATIBILITY_VERSION = 1;
				DYLIB_CURRENT_VERSION = 1;
				DYLIB_INSTALL_NAME_BASE = "@rpath";
				INFOPLIST_FILE = "Derived/InfoPlists/CommadKit-Info.plist";
				INSTALL_PATH = "$(LOCAL_LIBRARY_DIR)/Frameworks";
				LD_RUNPATH_SEARCH_PATHS = (
					"$(inherited)",
					"@executable_path/Frameworks",
					"@loader_path/Frameworks",
				);
				PRODUCT_BUNDLE_IDENTIFIER = io.tuist.CommadKit;
				PRODUCT_NAME = CommadKit;
				SDKROOT = iphoneos;
				SKIP_INSTALL = YES;
				SUPPORTS_MACCATALYST = NO;
				SUPPORTS_MAC_DESIGNED_FOR_IPHONE_IPAD = YES;
				SUPPORTS_XR_DESIGNED_FOR_IPHONE_IPAD = NO;
				SWIFT_ACTIVE_COMPILATION_CONDITIONS = DEBUG;
				SWIFT_COMPILATION_MODE = singlefile;
				SWIFT_OPTIMIZATION_LEVEL = "-Onone";
				SWIFT_VERSION = 5.0;
				TARGETED_DEVICE_FAMILY = "1,2";
				VERSIONING_SYSTEM = "apple-generic";
				VERSION_INFO_PREFIX = "";
			};
			name = Debug;
		};
		E1118C2D4393751BC1A26A3E /* Release */ = {
			isa = XCBuildConfiguration;
			buildSettings = {
				CODE_SIGN_IDENTITY = "iPhone Developer";
				INFOPLIST_FILE = "Derived/InfoPlists/CommadKitTests-Info.plist";
				LD_RUNPATH_SEARCH_PATHS = (
					"$(inherited)",
					"@executable_path/Frameworks",
					"@loader_path/Frameworks",
				);
				PRODUCT_BUNDLE_IDENTIFIER = io.tuist.CommadKitTests;
				PRODUCT_NAME = CommadKitTests;
				SDKROOT = iphoneos;
				SUPPORTS_MACCATALYST = NO;
				SUPPORTS_MAC_DESIGNED_FOR_IPHONE_IPAD = YES;
				SUPPORTS_XR_DESIGNED_FOR_IPHONE_IPAD = NO;
				SWIFT_COMPILATION_MODE = wholemodule;
				SWIFT_OPTIMIZATION_LEVEL = "-Owholemodule";
				SWIFT_VERSION = 5.0;
				TARGETED_DEVICE_FAMILY = "1,2";
			};
			name = Release;
		};
		EC1B3BC736DD665A27021925 /* Release */ = {
			isa = XCBuildConfiguration;
			buildSettings = {
				CODE_SIGN_IDENTITY = "iPhone Developer";
				INFOPLIST_FILE = "Derived/InfoPlists/CommadUITests-Info.plist";
				LD_RUNPATH_SEARCH_PATHS = (
					"$(inherited)",
					"@executable_path/Frameworks",
					"@loader_path/Frameworks",
				);
				PRODUCT_BUNDLE_IDENTIFIER = io.tuist.CommadUITests;
				PRODUCT_NAME = CommadUITests;
				SDKROOT = iphoneos;
				SUPPORTS_MACCATALYST = NO;
				SUPPORTS_MAC_DESIGNED_FOR_IPHONE_IPAD = YES;
				SUPPORTS_XR_DESIGNED_FOR_IPHONE_IPAD = NO;
				SWIFT_COMPILATION_MODE = wholemodule;
				SWIFT_OPTIMIZATION_LEVEL = "-Owholemodule";
				SWIFT_VERSION = 5.0;
				TARGETED_DEVICE_FAMILY = "1,2";
			};
			name = Release;
		};
/* End XCBuildConfiguration section */

/* Begin XCConfigurationList section */
		45DE2000674300847F8A1956 /* Build configuration list for PBXNativeTarget "CommadTests" */ = {
			isa = XCConfigurationList;
			buildConfigurations = (
				8EEF494D312C3F7ABA01087E /* Debug */,
				8DC48ACB7C8C889633EC5BE3 /* Release */,
			);
			defaultConfigurationIsVisible = 0;
			defaultConfigurationName = Release;
		};
		7821D4003047B99D8EDBE463 /* Build configuration list for PBXNativeTarget "CommadUITests" */ = {
			isa = XCConfigurationList;
			buildConfigurations = (
				4A38557B434A15AE39E8D242 /* Debug */,
				EC1B3BC736DD665A27021925 /* Release */,
			);
			defaultConfigurationIsVisible = 0;
			defaultConfigurationName = Release;
		};
>>>>>>> origin
		816E863A6B19D0CDE8BD2481 /* Build configuration list for PBXNativeTarget "Commad" */ = {
			isa = XCConfigurationList;
			buildConfigurations = (
				5BDCD71D162297B4EE3A7E8D /* Debug */,
				69ECD8F7B5ABA02E3C242591 /* Release */,
			);
			defaultConfigurationIsVisible = 0;
			defaultConfigurationName = Release;
		};
<<<<<<< HEAD
=======
		9A1800ED5A904B619C0F8842 /* Build configuration list for PBXNativeTarget "CommadUI" */ = {
			isa = XCConfigurationList;
			buildConfigurations = (
				7E7D4A251ADDBBCB444C75C9 /* Debug */,
				29C993EFDDF03569E339A428 /* Release */,
			);
			defaultConfigurationIsVisible = 0;
			defaultConfigurationName = Release;
		};
>>>>>>> origin
		C3298B31D55EFD46DE8DF5DE /* Build configuration list for PBXProject "Commad" */ = {
			isa = XCConfigurationList;
			buildConfigurations = (
				4AAB71B5366E8745E9800822 /* Debug */,
				5983C6A58320E88C2C297E7C /* Release */,
			);
			defaultConfigurationIsVisible = 0;
			defaultConfigurationName = Release;
		};
<<<<<<< HEAD
=======
		D1C0C811F8DC5EDFE4A894B9 /* Build configuration list for PBXNativeTarget "CommadKitTests" */ = {
			isa = XCConfigurationList;
			buildConfigurations = (
				55417F0B37B76360D23B5EBD /* Debug */,
				E1118C2D4393751BC1A26A3E /* Release */,
			);
			defaultConfigurationIsVisible = 0;
			defaultConfigurationName = Release;
		};
		E965EEEEFF367F98933BC1E2 /* Build configuration list for PBXNativeTarget "CommadKit" */ = {
			isa = XCConfigurationList;
			buildConfigurations = (
				BFA563F70F384B2FF1A977F5 /* Debug */,
				B7D6CD84F19E4C45E1DF619C /* Release */,
			);
			defaultConfigurationIsVisible = 0;
			defaultConfigurationName = Release;
		};
>>>>>>> origin
/* End XCConfigurationList section */
	};
	rootObject = 5D21068495243B44C015FF18 /* Project object */;
}
